// !$*UTF8*$!
{
	archiveVersion = 1;
	classes = {
	};
	objectVersion = 46;
	objects = {

/* Begin PBXBuildFile section */
		4579492A252AEF9340DCA664 /* libPods.a in Frameworks */ = {isa = PBXBuildFile; fileRef = A91E60E0F812616746082232 /* libPods.a */; };
		BC321BEC1D2260520092A91B /* CYLPlusButton.m in Sources */ = {isa = PBXBuildFile; fileRef = BC321BE51D2260520092A91B /* CYLPlusButton.m */; };
		BC321BED1D2260520092A91B /* CYLTabBar.m in Sources */ = {isa = PBXBuildFile; fileRef = BC321BE71D2260520092A91B /* CYLTabBar.m */; };
		BC321BEE1D2260520092A91B /* CYLTabBarController.m in Sources */ = {isa = PBXBuildFile; fileRef = BC321BE91D2260520092A91B /* CYLTabBarController.m */; };
		BC321BEF1D2260520092A91B /* UIViewController+CYLTabBarControllerExtention.m in Sources */ = {isa = PBXBuildFile; fileRef = BC321BEB1D2260520092A91B /* UIViewController+CYLTabBarControllerExtention.m */; };
		BC321BF21D2260920092A91B /* MSBaseTabBarController.m in Sources */ = {isa = PBXBuildFile; fileRef = BC321BF11D2260920092A91B /* MSBaseTabBarController.m */; };
		BC321BF51D22634B0092A91B /* MSTabBarControllerConfig.m in Sources */ = {isa = PBXBuildFile; fileRef = BC321BF41D22634B0092A91B /* MSTabBarControllerConfig.m */; };
		BC321C171D22700F0092A91B /* ZCApiAction.m in Sources */ = {isa = PBXBuildFile; fileRef = BC321C021D22700F0092A91B /* ZCApiAction.m */; };
		BC321C181D22700F0092A91B /* ZCApiDownloadAction.m in Sources */ = {isa = PBXBuildFile; fileRef = BC321C041D22700F0092A91B /* ZCApiDownloadAction.m */; };
		BC321C191D22700F0092A91B /* ZCApiRunner.m in Sources */ = {isa = PBXBuildFile; fileRef = BC321C071D22700F0092A91B /* ZCApiRunner.m */; };
		BC321C1A1D22700F0092A91B /* ZCApiUploadAction.m in Sources */ = {isa = PBXBuildFile; fileRef = BC321C091D22700F0092A91B /* ZCApiUploadAction.m */; };
		BC321C1B1D22700F0092A91B /* ZCChainProcessor.m in Sources */ = {isa = PBXBuildFile; fileRef = BC321C0C1D22700F0092A91B /* ZCChainProcessor.m */; };
		BC321C1C1D22700F0092A91B /* ZCNetworking.m in Sources */ = {isa = PBXBuildFile; fileRef = BC321C0E1D22700F0092A91B /* ZCNetworking.m */; };
		BC321C201D2270630092A91B /* MSNetworking.m in Sources */ = {isa = PBXBuildFile; fileRef = BC321C1F1D2270630092A91B /* MSNetworking.m */; };
		BC41D0FB1D1D090A00AA3695 /* main.m in Sources */ = {isa = PBXBuildFile; fileRef = BC41D0FA1D1D090A00AA3695 /* main.m */; };
		BC41D0FE1D1D090A00AA3695 /* AppDelegate.m in Sources */ = {isa = PBXBuildFile; fileRef = BC41D0FD1D1D090A00AA3695 /* AppDelegate.m */; };
		BC41D1011D1D090A00AA3695 /* ViewController.m in Sources */ = {isa = PBXBuildFile; fileRef = BC41D1001D1D090A00AA3695 /* ViewController.m */; };
		BC41D1041D1D090A00AA3695 /* Main.storyboard in Resources */ = {isa = PBXBuildFile; fileRef = BC41D1021D1D090A00AA3695 /* Main.storyboard */; };
		BC41D1061D1D090A00AA3695 /* Assets.xcassets in Resources */ = {isa = PBXBuildFile; fileRef = BC41D1051D1D090A00AA3695 /* Assets.xcassets */; };
		BC41D1091D1D090A00AA3695 /* LaunchScreen.storyboard in Resources */ = {isa = PBXBuildFile; fileRef = BC41D1071D1D090A00AA3695 /* LaunchScreen.storyboard */; };
		BC41D1141D1D090A00AA3695 /* MyTemplateProjectTests.m in Sources */ = {isa = PBXBuildFile; fileRef = BC41D1131D1D090A00AA3695 /* MyTemplateProjectTests.m */; };
		BC41D11F1D1D090A00AA3695 /* MyTemplateProjectUITests.m in Sources */ = {isa = PBXBuildFile; fileRef = BC41D11E1D1D090A00AA3695 /* MyTemplateProjectUITests.m */; };
		BCA6A74C1D2B4E64007F3B5E /* NSDate+MSExtension.m in Sources */ = {isa = PBXBuildFile; fileRef = BCA6A74B1D2B4E64007F3B5E /* NSDate+MSExtension.m */; };
		BCA6A7551D2B898A007F3B5E /* UIDevice+AuthorizationStatus.m in Sources */ = {isa = PBXBuildFile; fileRef = BCA6A7541D2B898A007F3B5E /* UIDevice+AuthorizationStatus.m */; };
		BCA6A7591D2B8ADF007F3B5E /* NSObject+MSJSON.m in Sources */ = {isa = PBXBuildFile; fileRef = BCA6A7581D2B8ADF007F3B5E /* NSObject+MSJSON.m */; };
/* End PBXBuildFile section */

/* Begin PBXContainerItemProxy section */
		BC41D1101D1D090A00AA3695 /* PBXContainerItemProxy */ = {
			isa = PBXContainerItemProxy;
			containerPortal = BC41D0EE1D1D090A00AA3695 /* Project object */;
			proxyType = 1;
			remoteGlobalIDString = BC41D0F51D1D090A00AA3695;
			remoteInfo = MyTemplateProject;
		};
		BC41D11B1D1D090A00AA3695 /* PBXContainerItemProxy */ = {
			isa = PBXContainerItemProxy;
			containerPortal = BC41D0EE1D1D090A00AA3695 /* Project object */;
			proxyType = 1;
			remoteGlobalIDString = BC41D0F51D1D090A00AA3695;
			remoteInfo = MyTemplateProject;
		};
/* End PBXContainerItemProxy section */

/* Begin PBXFileReference section */
		57424E2B3DCFE57E1F81A07E /* Pods.release.xcconfig */ = {isa = PBXFileReference; includeInIndex = 1; lastKnownFileType = text.xcconfig; name = Pods.release.xcconfig; path = "Pods/Target Support Files/Pods/Pods.release.xcconfig"; sourceTree = "<group>"; };
		A91E60E0F812616746082232 /* libPods.a */ = {isa = PBXFileReference; explicitFileType = archive.ar; includeInIndex = 0; path = libPods.a; sourceTree = BUILT_PRODUCTS_DIR; };
		BC321BE41D2260520092A91B /* CYLPlusButton.h */ = {isa = PBXFileReference; fileEncoding = 4; lastKnownFileType = sourcecode.c.h; path = CYLPlusButton.h; sourceTree = "<group>"; };
		BC321BE51D2260520092A91B /* CYLPlusButton.m */ = {isa = PBXFileReference; fileEncoding = 4; lastKnownFileType = sourcecode.c.objc; path = CYLPlusButton.m; sourceTree = "<group>"; };
		BC321BE61D2260520092A91B /* CYLTabBar.h */ = {isa = PBXFileReference; fileEncoding = 4; lastKnownFileType = sourcecode.c.h; path = CYLTabBar.h; sourceTree = "<group>"; };
		BC321BE71D2260520092A91B /* CYLTabBar.m */ = {isa = PBXFileReference; fileEncoding = 4; lastKnownFileType = sourcecode.c.objc; path = CYLTabBar.m; sourceTree = "<group>"; };
		BC321BE81D2260520092A91B /* CYLTabBarController.h */ = {isa = PBXFileReference; fileEncoding = 4; lastKnownFileType = sourcecode.c.h; path = CYLTabBarController.h; sourceTree = "<group>"; };
		BC321BE91D2260520092A91B /* CYLTabBarController.m */ = {isa = PBXFileReference; fileEncoding = 4; lastKnownFileType = sourcecode.c.objc; path = CYLTabBarController.m; sourceTree = "<group>"; };
		BC321BEA1D2260520092A91B /* UIViewController+CYLTabBarControllerExtention.h */ = {isa = PBXFileReference; fileEncoding = 4; lastKnownFileType = sourcecode.c.h; path = "UIViewController+CYLTabBarControllerExtention.h"; sourceTree = "<group>"; };
		BC321BEB1D2260520092A91B /* UIViewController+CYLTabBarControllerExtention.m */ = {isa = PBXFileReference; fileEncoding = 4; lastKnownFileType = sourcecode.c.objc; path = "UIViewController+CYLTabBarControllerExtention.m"; sourceTree = "<group>"; };
		BC321BF01D2260920092A91B /* MSBaseTabBarController.h */ = {isa = PBXFileReference; fileEncoding = 4; lastKnownFileType = sourcecode.c.h; path = MSBaseTabBarController.h; sourceTree = "<group>"; };
		BC321BF11D2260920092A91B /* MSBaseTabBarController.m */ = {isa = PBXFileReference; fileEncoding = 4; lastKnownFileType = sourcecode.c.objc; path = MSBaseTabBarController.m; sourceTree = "<group>"; };
		BC321BF31D22634B0092A91B /* MSTabBarControllerConfig.h */ = {isa = PBXFileReference; fileEncoding = 4; lastKnownFileType = sourcecode.c.h; path = MSTabBarControllerConfig.h; sourceTree = "<group>"; };
		BC321BF41D22634B0092A91B /* MSTabBarControllerConfig.m */ = {isa = PBXFileReference; fileEncoding = 4; lastKnownFileType = sourcecode.c.objc; path = MSTabBarControllerConfig.m; sourceTree = "<group>"; };
		BC321C011D22700F0092A91B /* ZCApiAction.h */ = {isa = PBXFileReference; fileEncoding = 4; lastKnownFileType = sourcecode.c.h; path = ZCApiAction.h; sourceTree = "<group>"; };
		BC321C021D22700F0092A91B /* ZCApiAction.m */ = {isa = PBXFileReference; fileEncoding = 4; lastKnownFileType = sourcecode.c.objc; path = ZCApiAction.m; sourceTree = "<group>"; };
		BC321C031D22700F0092A91B /* ZCApiDownloadAction.h */ = {isa = PBXFileReference; fileEncoding = 4; lastKnownFileType = sourcecode.c.h; path = ZCApiDownloadAction.h; sourceTree = "<group>"; };
		BC321C041D22700F0092A91B /* ZCApiDownloadAction.m */ = {isa = PBXFileReference; fileEncoding = 4; lastKnownFileType = sourcecode.c.objc; path = ZCApiDownloadAction.m; sourceTree = "<group>"; };
		BC321C051D22700F0092A91B /* ZCApiLauncher.h */ = {isa = PBXFileReference; fileEncoding = 4; lastKnownFileType = sourcecode.c.h; path = ZCApiLauncher.h; sourceTree = "<group>"; };
		BC321C061D22700F0092A91B /* ZCApiRunner.h */ = {isa = PBXFileReference; fileEncoding = 4; lastKnownFileType = sourcecode.c.h; path = ZCApiRunner.h; sourceTree = "<group>"; };
		BC321C071D22700F0092A91B /* ZCApiRunner.m */ = {isa = PBXFileReference; fileEncoding = 4; lastKnownFileType = sourcecode.c.objc; path = ZCApiRunner.m; sourceTree = "<group>"; };
		BC321C081D22700F0092A91B /* ZCApiUploadAction.h */ = {isa = PBXFileReference; fileEncoding = 4; lastKnownFileType = sourcecode.c.h; path = ZCApiUploadAction.h; sourceTree = "<group>"; };
		BC321C091D22700F0092A91B /* ZCApiUploadAction.m */ = {isa = PBXFileReference; fileEncoding = 4; lastKnownFileType = sourcecode.c.objc; path = ZCApiUploadAction.m; sourceTree = "<group>"; };
		BC321C0A1D22700F0092A91B /* ZCBlockDefine.h */ = {isa = PBXFileReference; fileEncoding = 4; lastKnownFileType = sourcecode.c.h; path = ZCBlockDefine.h; sourceTree = "<group>"; };
		BC321C0B1D22700F0092A91B /* ZCChainProcessor.h */ = {isa = PBXFileReference; fileEncoding = 4; lastKnownFileType = sourcecode.c.h; path = ZCChainProcessor.h; sourceTree = "<group>"; };
		BC321C0C1D22700F0092A91B /* ZCChainProcessor.m */ = {isa = PBXFileReference; fileEncoding = 4; lastKnownFileType = sourcecode.c.objc; path = ZCChainProcessor.m; sourceTree = "<group>"; };
		BC321C0D1D22700F0092A91B /* ZCNetworking.h */ = {isa = PBXFileReference; fileEncoding = 4; lastKnownFileType = sourcecode.c.h; path = ZCNetworking.h; sourceTree = "<group>"; };
		BC321C0E1D22700F0092A91B /* ZCNetworking.m */ = {isa = PBXFileReference; fileEncoding = 4; lastKnownFileType = sourcecode.c.objc; path = ZCNetworking.m; sourceTree = "<group>"; };
		BC321C1E1D2270630092A91B /* MSNetworking.h */ = {isa = PBXFileReference; fileEncoding = 4; lastKnownFileType = sourcecode.c.h; path = MSNetworking.h; sourceTree = "<group>"; };
		BC321C1F1D2270630092A91B /* MSNetworking.m */ = {isa = PBXFileReference; fileEncoding = 4; lastKnownFileType = sourcecode.c.objc; path = MSNetworking.m; sourceTree = "<group>"; };
		BC41D0F61D1D090A00AA3695 /* MyTemplateProject.app */ = {isa = PBXFileReference; explicitFileType = wrapper.application; includeInIndex = 0; path = MyTemplateProject.app; sourceTree = BUILT_PRODUCTS_DIR; };
		BC41D0FA1D1D090A00AA3695 /* main.m */ = {isa = PBXFileReference; lastKnownFileType = sourcecode.c.objc; path = main.m; sourceTree = "<group>"; };
		BC41D0FC1D1D090A00AA3695 /* AppDelegate.h */ = {isa = PBXFileReference; lastKnownFileType = sourcecode.c.h; path = AppDelegate.h; sourceTree = "<group>"; };
		BC41D0FD1D1D090A00AA3695 /* AppDelegate.m */ = {isa = PBXFileReference; lastKnownFileType = sourcecode.c.objc; path = AppDelegate.m; sourceTree = "<group>"; };
		BC41D0FF1D1D090A00AA3695 /* ViewController.h */ = {isa = PBXFileReference; lastKnownFileType = sourcecode.c.h; path = ViewController.h; sourceTree = "<group>"; };
		BC41D1001D1D090A00AA3695 /* ViewController.m */ = {isa = PBXFileReference; lastKnownFileType = sourcecode.c.objc; path = ViewController.m; sourceTree = "<group>"; };
		BC41D1031D1D090A00AA3695 /* Base */ = {isa = PBXFileReference; lastKnownFileType = file.storyboard; name = Base; path = Base.lproj/Main.storyboard; sourceTree = "<group>"; };
		BC41D1051D1D090A00AA3695 /* Assets.xcassets */ = {isa = PBXFileReference; lastKnownFileType = folder.assetcatalog; path = Assets.xcassets; sourceTree = "<group>"; };
		BC41D1081D1D090A00AA3695 /* Base */ = {isa = PBXFileReference; lastKnownFileType = file.storyboard; name = Base; path = Base.lproj/LaunchScreen.storyboard; sourceTree = "<group>"; };
		BC41D10A1D1D090A00AA3695 /* Info.plist */ = {isa = PBXFileReference; lastKnownFileType = text.plist.xml; path = Info.plist; sourceTree = "<group>"; };
		BC41D10F1D1D090A00AA3695 /* MyTemplateProjectTests.xctest */ = {isa = PBXFileReference; explicitFileType = wrapper.cfbundle; includeInIndex = 0; path = MyTemplateProjectTests.xctest; sourceTree = BUILT_PRODUCTS_DIR; };
		BC41D1131D1D090A00AA3695 /* MyTemplateProjectTests.m */ = {isa = PBXFileReference; lastKnownFileType = sourcecode.c.objc; path = MyTemplateProjectTests.m; sourceTree = "<group>"; };
		BC41D1151D1D090A00AA3695 /* Info.plist */ = {isa = PBXFileReference; lastKnownFileType = text.plist.xml; path = Info.plist; sourceTree = "<group>"; };
		BC41D11A1D1D090A00AA3695 /* MyTemplateProjectUITests.xctest */ = {isa = PBXFileReference; explicitFileType = wrapper.cfbundle; includeInIndex = 0; path = MyTemplateProjectUITests.xctest; sourceTree = BUILT_PRODUCTS_DIR; };
		BC41D11E1D1D090A00AA3695 /* MyTemplateProjectUITests.m */ = {isa = PBXFileReference; lastKnownFileType = sourcecode.c.objc; path = MyTemplateProjectUITests.m; sourceTree = "<group>"; };
		BC41D1201D1D090A00AA3695 /* Info.plist */ = {isa = PBXFileReference; lastKnownFileType = text.plist.xml; path = Info.plist; sourceTree = "<group>"; };
		BCA6A74A1D2B4E64007F3B5E /* NSDate+MSExtension.h */ = {isa = PBXFileReference; fileEncoding = 4; lastKnownFileType = sourcecode.c.h; path = "NSDate+MSExtension.h"; sourceTree = "<group>"; };
		BCA6A74B1D2B4E64007F3B5E /* NSDate+MSExtension.m */ = {isa = PBXFileReference; fileEncoding = 4; lastKnownFileType = sourcecode.c.objc; path = "NSDate+MSExtension.m"; sourceTree = "<group>"; };
		BCA6A7531D2B898A007F3B5E /* UIDevice+AuthorizationStatus.h */ = {isa = PBXFileReference; fileEncoding = 4; lastKnownFileType = sourcecode.c.h; path = "UIDevice+AuthorizationStatus.h"; sourceTree = "<group>"; };
		BCA6A7541D2B898A007F3B5E /* UIDevice+AuthorizationStatus.m */ = {isa = PBXFileReference; fileEncoding = 4; lastKnownFileType = sourcecode.c.objc; path = "UIDevice+AuthorizationStatus.m"; sourceTree = "<group>"; };
		BCA6A7571D2B8ADF007F3B5E /* NSObject+MSJSON.h */ = {isa = PBXFileReference; fileEncoding = 4; lastKnownFileType = sourcecode.c.h; path = "NSObject+MSJSON.h"; sourceTree = "<group>"; };
		BCA6A7581D2B8ADF007F3B5E /* NSObject+MSJSON.m */ = {isa = PBXFileReference; fileEncoding = 4; lastKnownFileType = sourcecode.c.objc; path = "NSObject+MSJSON.m"; sourceTree = "<group>"; };
		DEA20A85AE9AE2803FBDE810 /* Pods.debug.xcconfig */ = {isa = PBXFileReference; includeInIndex = 1; lastKnownFileType = text.xcconfig; name = Pods.debug.xcconfig; path = "Pods/Target Support Files/Pods/Pods.debug.xcconfig"; sourceTree = "<group>"; };
/* End PBXFileReference section */

/* Begin PBXFrameworksBuildPhase section */
		BC41D0F31D1D090A00AA3695 /* Frameworks */ = {
			isa = PBXFrameworksBuildPhase;
			buildActionMask = 2147483647;
			files = (
				4579492A252AEF9340DCA664 /* libPods.a in Frameworks */,
			);
			runOnlyForDeploymentPostprocessing = 0;
		};
		BC41D10C1D1D090A00AA3695 /* Frameworks */ = {
			isa = PBXFrameworksBuildPhase;
			buildActionMask = 2147483647;
			files = (
			);
			runOnlyForDeploymentPostprocessing = 0;
		};
		BC41D1171D1D090A00AA3695 /* Frameworks */ = {
			isa = PBXFrameworksBuildPhase;
			buildActionMask = 2147483647;
			files = (
			);
			runOnlyForDeploymentPostprocessing = 0;
		};
/* End PBXFrameworksBuildPhase section */

/* Begin PBXGroup section */
		0B078438F5B2210501F80658 /* Pods */ = {
			isa = PBXGroup;
			children = (
				DEA20A85AE9AE2803FBDE810 /* Pods.debug.xcconfig */,
				57424E2B3DCFE57E1F81A07E /* Pods.release.xcconfig */,
			);
			name = Pods;
			sourceTree = "<group>";
		};
		BC321BD81D225B1C0092A91B /* Base */ = {
			isa = PBXGroup;
			children = (
				BC321BE01D2260160092A91B /* Model */,
				BC321BE11D2260160092A91B /* View */,
				BC321BE21D2260160092A91B /* ViewController */,
			);
			path = Base;
			sourceTree = "<group>";
		};
		BC321BD91D225B1C0092A91B /* Classes */ = {
			isa = PBXGroup;
			children = (
				BC321BDA1D225B1C0092A91B /* Modules */,
			);
			path = Classes;
			sourceTree = "<group>";
		};
		BC321BDA1D225B1C0092A91B /* Modules */ = {
			isa = PBXGroup;
			children = (
			);
			path = Modules;
			sourceTree = "<group>";
		};
		BC321BDB1D225B1C0092A91B /* Main */ = {
			isa = PBXGroup;
			children = (
				BC321BF31D22634B0092A91B /* MSTabBarControllerConfig.h */,
				BC321BF41D22634B0092A91B /* MSTabBarControllerConfig.m */,
			);
			path = Main;
			sourceTree = "<group>";
		};
		BC321BDC1D225B1C0092A91B /* Network */ = {
			isa = PBXGroup;
			children = (
				BC321C1E1D2270630092A91B /* MSNetworking.h */,
				BC321C1F1D2270630092A91B /* MSNetworking.m */,
			);
			path = Network;
			sourceTree = "<group>";
		};
		BC321BDD1D225B1C0092A91B /* ThirdLibs */ = {
			isa = PBXGroup;
			children = (
				BC321BF61D22700F0092A91B /* ZCNetworking */,
				BC321BE31D2260520092A91B /* CYLTabBarController */,
			);
			path = ThirdLibs;
			sourceTree = "<group>";
		};
		BC321BDE1D225B1C0092A91B /* Tools */ = {
			isa = PBXGroup;
			children = (
				BCA6A7561D2B898F007F3B5E /* NSString+MSExtension */,
				BCA6A7521D2B898A007F3B5E /* UIDevice+MSAddition */,
				BCA6A7461D2B4DB7007F3B5E /* NSDate+MSExtension */,
				BCA6A7471D2B4DB7007F3B5E /* NSObject+MSJSON */,
				BCA6A7481D2B4DB7007F3B5E /* UIImage+MSExtension */,
			);
			path = Tools;
			sourceTree = "<group>";
		};
		BC321BE01D2260160092A91B /* Model */ = {
			isa = PBXGroup;
			children = (
			);
			path = Model;
			sourceTree = "<group>";
		};
		BC321BE11D2260160092A91B /* View */ = {
			isa = PBXGroup;
			children = (
			);
			path = View;
			sourceTree = "<group>";
		};
		BC321BE21D2260160092A91B /* ViewController */ = {
			isa = PBXGroup;
			children = (
				BC321BF01D2260920092A91B /* MSBaseTabBarController.h */,
				BC321BF11D2260920092A91B /* MSBaseTabBarController.m */,
			);
			path = ViewController;
			sourceTree = "<group>";
		};
		BC321BE31D2260520092A91B /* CYLTabBarController */ = {
			isa = PBXGroup;
			children = (
				BC321BE41D2260520092A91B /* CYLPlusButton.h */,
				BC321BE51D2260520092A91B /* CYLPlusButton.m */,
				BC321BE61D2260520092A91B /* CYLTabBar.h */,
				BC321BE71D2260520092A91B /* CYLTabBar.m */,
				BC321BE81D2260520092A91B /* CYLTabBarController.h */,
				BC321BE91D2260520092A91B /* CYLTabBarController.m */,
				BC321BEA1D2260520092A91B /* UIViewController+CYLTabBarControllerExtention.h */,
				BC321BEB1D2260520092A91B /* UIViewController+CYLTabBarControllerExtention.m */,
			);
			path = CYLTabBarController;
			sourceTree = "<group>";
		};
		BC321BF61D22700F0092A91B /* ZCNetworking */ = {
			isa = PBXGroup;
			children = (
				BC321C001D22700F0092A91B /* Sources */,
			);
			path = ZCNetworking;
			sourceTree = "<group>";
		};
		BC321C001D22700F0092A91B /* Sources */ = {
			isa = PBXGroup;
			children = (
				BC321C011D22700F0092A91B /* ZCApiAction.h */,
				BC321C021D22700F0092A91B /* ZCApiAction.m */,
				BC321C031D22700F0092A91B /* ZCApiDownloadAction.h */,
				BC321C041D22700F0092A91B /* ZCApiDownloadAction.m */,
				BC321C051D22700F0092A91B /* ZCApiLauncher.h */,
				BC321C061D22700F0092A91B /* ZCApiRunner.h */,
				BC321C071D22700F0092A91B /* ZCApiRunner.m */,
				BC321C081D22700F0092A91B /* ZCApiUploadAction.h */,
				BC321C091D22700F0092A91B /* ZCApiUploadAction.m */,
				BC321C0A1D22700F0092A91B /* ZCBlockDefine.h */,
				BC321C0B1D22700F0092A91B /* ZCChainProcessor.h */,
				BC321C0C1D22700F0092A91B /* ZCChainProcessor.m */,
				BC321C0D1D22700F0092A91B /* ZCNetworking.h */,
				BC321C0E1D22700F0092A91B /* ZCNetworking.m */,
			);
			path = Sources;
			sourceTree = "<group>";
		};
		BC41D0ED1D1D090A00AA3695 = {
			isa = PBXGroup;
			children = (
				BC41D0F81D1D090A00AA3695 /* MyTemplateProject */,
				BC41D1121D1D090A00AA3695 /* MyTemplateProjectTests */,
				BC41D11D1D1D090A00AA3695 /* MyTemplateProjectUITests */,
				BC41D0F71D1D090A00AA3695 /* Products */,
				0B078438F5B2210501F80658 /* Pods */,
				CEA9ED2B1D0BE00AB04A924F /* Frameworks */,
			);
			sourceTree = "<group>";
		};
		BC41D0F71D1D090A00AA3695 /* Products */ = {
			isa = PBXGroup;
			children = (
				BC41D0F61D1D090A00AA3695 /* MyTemplateProject.app */,
				BC41D10F1D1D090A00AA3695 /* MyTemplateProjectTests.xctest */,
				BC41D11A1D1D090A00AA3695 /* MyTemplateProjectUITests.xctest */,
			);
			name = Products;
			sourceTree = "<group>";
		};
		BC41D0F81D1D090A00AA3695 /* MyTemplateProject */ = {
			isa = PBXGroup;
			children = (
				BC321BDB1D225B1C0092A91B /* Main */,
				BC321BD81D225B1C0092A91B /* Base */,
				BC321BD91D225B1C0092A91B /* Classes */,
				BC321BDC1D225B1C0092A91B /* Network */,
				BC321BDD1D225B1C0092A91B /* ThirdLibs */,
				BC321BDE1D225B1C0092A91B /* Tools */,
				BC41D0FC1D1D090A00AA3695 /* AppDelegate.h */,
				BC41D0FD1D1D090A00AA3695 /* AppDelegate.m */,
				BC41D0FF1D1D090A00AA3695 /* ViewController.h */,
				BC41D1001D1D090A00AA3695 /* ViewController.m */,
				BC41D0F91D1D090A00AA3695 /* Supporting Files */,
			);
			path = MyTemplateProject;
			sourceTree = "<group>";
		};
		BC41D0F91D1D090A00AA3695 /* Supporting Files */ = {
			isa = PBXGroup;
			children = (
				BC41D1021D1D090A00AA3695 /* Main.storyboard */,
				BC41D1051D1D090A00AA3695 /* Assets.xcassets */,
				BC41D1071D1D090A00AA3695 /* LaunchScreen.storyboard */,
				BC41D10A1D1D090A00AA3695 /* Info.plist */,
				BC41D0FA1D1D090A00AA3695 /* main.m */,
			);
			name = "Supporting Files";
			sourceTree = "<group>";
		};
		BC41D1121D1D090A00AA3695 /* MyTemplateProjectTests */ = {
			isa = PBXGroup;
			children = (
				BC41D1131D1D090A00AA3695 /* MyTemplateProjectTests.m */,
				BC41D1151D1D090A00AA3695 /* Info.plist */,
			);
			path = MyTemplateProjectTests;
			sourceTree = "<group>";
		};
		BC41D11D1D1D090A00AA3695 /* MyTemplateProjectUITests */ = {
			isa = PBXGroup;
			children = (
				BC41D11E1D1D090A00AA3695 /* MyTemplateProjectUITests.m */,
				BC41D1201D1D090A00AA3695 /* Info.plist */,
			);
			path = MyTemplateProjectUITests;
			sourceTree = "<group>";
		};
		BCA6A7461D2B4DB7007F3B5E /* NSDate+MSExtension */ = {
			isa = PBXGroup;
			children = (
				BCA6A74A1D2B4E64007F3B5E /* NSDate+MSExtension.h */,
				BCA6A74B1D2B4E64007F3B5E /* NSDate+MSExtension.m */,
			);
			path = "NSDate+MSExtension";
			sourceTree = "<group>";
		};
		BCA6A7471D2B4DB7007F3B5E /* NSObject+MSJSON */ = {
			isa = PBXGroup;
			children = (
				BCA6A7571D2B8ADF007F3B5E /* NSObject+MSJSON.h */,
				BCA6A7581D2B8ADF007F3B5E /* NSObject+MSJSON.m */,
			);
			path = "NSObject+MSJSON";
			sourceTree = "<group>";
		};
		BCA6A7481D2B4DB7007F3B5E /* UIImage+MSExtension */ = {
			isa = PBXGroup;
			children = (
			);
			path = "UIImage+MSExtension";
			sourceTree = "<group>";
		};
		BCA6A7521D2B898A007F3B5E /* UIDevice+MSAddition */ = {
			isa = PBXGroup;
			children = (
				BCA6A7531D2B898A007F3B5E /* UIDevice+AuthorizationStatus.h */,
				BCA6A7541D2B898A007F3B5E /* UIDevice+AuthorizationStatus.m */,
			);
			path = "UIDevice+MSAddition";
			sourceTree = "<group>";
		};
		BCA6A7561D2B898F007F3B5E /* NSString+MSExtension */ = {
			isa = PBXGroup;
			children = (
			);
			path = "NSString+MSExtension";
			sourceTree = "<group>";
		};
		CEA9ED2B1D0BE00AB04A924F /* Frameworks */ = {
			isa = PBXGroup;
			children = (
				A91E60E0F812616746082232 /* libPods.a */,
			);
			name = Frameworks;
			sourceTree = "<group>";
		};
/* End PBXGroup section */

/* Begin PBXNativeTarget section */
		BC41D0F51D1D090A00AA3695 /* MyTemplateProject */ = {
			isa = PBXNativeTarget;
			buildConfigurationList = BC41D1231D1D090A00AA3695 /* Build configuration list for PBXNativeTarget "MyTemplateProject" */;
			buildPhases = (
				AE9396ACA47B5AF9AD204FCB /* Check Pods Manifest.lock */,
				BC41D0F21D1D090A00AA3695 /* Sources */,
				BC41D0F31D1D090A00AA3695 /* Frameworks */,
				BC41D0F41D1D090A00AA3695 /* Resources */,
				C8252E2F39007D1B272166EF /* Embed Pods Frameworks */,
				2AD044DD64C9A25E4CF51FF8 /* Copy Pods Resources */,
			);
			buildRules = (
			);
			dependencies = (
			);
			name = MyTemplateProject;
			productName = MyTemplateProject;
			productReference = BC41D0F61D1D090A00AA3695 /* MyTemplateProject.app */;
			productType = "com.apple.product-type.application";
		};
		BC41D10E1D1D090A00AA3695 /* MyTemplateProjectTests */ = {
			isa = PBXNativeTarget;
			buildConfigurationList = BC41D1261D1D090A00AA3695 /* Build configuration list for PBXNativeTarget "MyTemplateProjectTests" */;
			buildPhases = (
				BC41D10B1D1D090A00AA3695 /* Sources */,
				BC41D10C1D1D090A00AA3695 /* Frameworks */,
				BC41D10D1D1D090A00AA3695 /* Resources */,
			);
			buildRules = (
			);
			dependencies = (
				BC41D1111D1D090A00AA3695 /* PBXTargetDependency */,
			);
			name = MyTemplateProjectTests;
			productName = MyTemplateProjectTests;
			productReference = BC41D10F1D1D090A00AA3695 /* MyTemplateProjectTests.xctest */;
			productType = "com.apple.product-type.bundle.unit-test";
		};
		BC41D1191D1D090A00AA3695 /* MyTemplateProjectUITests */ = {
			isa = PBXNativeTarget;
			buildConfigurationList = BC41D1291D1D090A00AA3695 /* Build configuration list for PBXNativeTarget "MyTemplateProjectUITests" */;
			buildPhases = (
				BC41D1161D1D090A00AA3695 /* Sources */,
				BC41D1171D1D090A00AA3695 /* Frameworks */,
				BC41D1181D1D090A00AA3695 /* Resources */,
			);
			buildRules = (
			);
			dependencies = (
				BC41D11C1D1D090A00AA3695 /* PBXTargetDependency */,
			);
			name = MyTemplateProjectUITests;
			productName = MyTemplateProjectUITests;
			productReference = BC41D11A1D1D090A00AA3695 /* MyTemplateProjectUITests.xctest */;
			productType = "com.apple.product-type.bundle.ui-testing";
		};
/* End PBXNativeTarget section */

/* Begin PBXProject section */
		BC41D0EE1D1D090A00AA3695 /* Project object */ = {
			isa = PBXProject;
			attributes = {
				LastUpgradeCheck = 0720;
				ORGANIZATIONNAME = dengliwen;
				TargetAttributes = {
					BC41D0F51D1D090A00AA3695 = {
						CreatedOnToolsVersion = 7.2;
						DevelopmentTeam = 5PE9ABT84P;
					};
					BC41D10E1D1D090A00AA3695 = {
						CreatedOnToolsVersion = 7.2;
						DevelopmentTeam = 5PE9ABT84P;
						TestTargetID = BC41D0F51D1D090A00AA3695;
					};
					BC41D1191D1D090A00AA3695 = {
						CreatedOnToolsVersion = 7.2;
						DevelopmentTeam = 5PE9ABT84P;
						TestTargetID = BC41D0F51D1D090A00AA3695;
					};
				};
			};
			buildConfigurationList = BC41D0F11D1D090A00AA3695 /* Build configuration list for PBXProject "MyTemplateProject" */;
			compatibilityVersion = "Xcode 3.2";
			developmentRegion = English;
			hasScannedForEncodings = 0;
			knownRegions = (
				en,
				Base,
			);
			mainGroup = BC41D0ED1D1D090A00AA3695;
			productRefGroup = BC41D0F71D1D090A00AA3695 /* Products */;
			projectDirPath = "";
			projectRoot = "";
			targets = (
				BC41D0F51D1D090A00AA3695 /* MyTemplateProject */,
				BC41D10E1D1D090A00AA3695 /* MyTemplateProjectTests */,
				BC41D1191D1D090A00AA3695 /* MyTemplateProjectUITests */,
			);
		};
/* End PBXProject section */

/* Begin PBXResourcesBuildPhase section */
		BC41D0F41D1D090A00AA3695 /* Resources */ = {
			isa = PBXResourcesBuildPhase;
			buildActionMask = 2147483647;
			files = (
				BC41D1091D1D090A00AA3695 /* LaunchScreen.storyboard in Resources */,
				BC41D1061D1D090A00AA3695 /* Assets.xcassets in Resources */,
				BC41D1041D1D090A00AA3695 /* Main.storyboard in Resources */,
			);
			runOnlyForDeploymentPostprocessing = 0;
		};
		BC41D10D1D1D090A00AA3695 /* Resources */ = {
			isa = PBXResourcesBuildPhase;
			buildActionMask = 2147483647;
			files = (
			);
			runOnlyForDeploymentPostprocessing = 0;
		};
		BC41D1181D1D090A00AA3695 /* Resources */ = {
			isa = PBXResourcesBuildPhase;
			buildActionMask = 2147483647;
			files = (
			);
			runOnlyForDeploymentPostprocessing = 0;
		};
/* End PBXResourcesBuildPhase section */

/* Begin PBXShellScriptBuildPhase section */
		2AD044DD64C9A25E4CF51FF8 /* Copy Pods Resources */ = {
			isa = PBXShellScriptBuildPhase;
			buildActionMask = 2147483647;
			files = (
			);
			inputPaths = (
			);
			name = "Copy Pods Resources";
			outputPaths = (
			);
			runOnlyForDeploymentPostprocessing = 0;
			shellPath = /bin/sh;
			shellScript = "\"${SRCROOT}/Pods/Target Support Files/Pods/Pods-resources.sh\"\n";
			showEnvVarsInLog = 0;
		};
		AE9396ACA47B5AF9AD204FCB /* Check Pods Manifest.lock */ = {
			isa = PBXShellScriptBuildPhase;
			buildActionMask = 2147483647;
			files = (
			);
			inputPaths = (
			);
			name = "Check Pods Manifest.lock";
			outputPaths = (
			);
			runOnlyForDeploymentPostprocessing = 0;
			shellPath = /bin/sh;
			shellScript = "diff \"${PODS_ROOT}/../Podfile.lock\" \"${PODS_ROOT}/Manifest.lock\" > /dev/null\nif [[ $? != 0 ]] ; then\n    cat << EOM\nerror: The sandbox is not in sync with the Podfile.lock. Run 'pod install' or update your CocoaPods installation.\nEOM\n    exit 1\nfi\n";
			showEnvVarsInLog = 0;
		};
		C8252E2F39007D1B272166EF /* Embed Pods Frameworks */ = {
			isa = PBXShellScriptBuildPhase;
			buildActionMask = 2147483647;
			files = (
			);
			inputPaths = (
			);
			name = "Embed Pods Frameworks";
			outputPaths = (
			);
			runOnlyForDeploymentPostprocessing = 0;
			shellPath = /bin/sh;
			shellScript = "\"${SRCROOT}/Pods/Target Support Files/Pods/Pods-frameworks.sh\"\n";
			showEnvVarsInLog = 0;
		};
/* End PBXShellScriptBuildPhase section */

/* Begin PBXSourcesBuildPhase section */
		BC41D0F21D1D090A00AA3695 /* Sources */ = {
			isa = PBXSourcesBuildPhase;
			buildActionMask = 2147483647;
			files = (
				BC41D1011D1D090A00AA3695 /* ViewController.m in Sources */,
				BC321C191D22700F0092A91B /* ZCApiRunner.m in Sources */,
				BC321C171D22700F0092A91B /* ZCApiAction.m in Sources */,
				BC321BF51D22634B0092A91B /* MSTabBarControllerConfig.m in Sources */,
				BCA6A7591D2B8ADF007F3B5E /* NSObject+MSJSON.m in Sources */,
				BC41D0FE1D1D090A00AA3695 /* AppDelegate.m in Sources */,
				BC321BEE1D2260520092A91B /* CYLTabBarController.m in Sources */,
				BC321C181D22700F0092A91B /* ZCApiDownloadAction.m in Sources */,
				BC321BEC1D2260520092A91B /* CYLPlusButton.m in Sources */,
				BC321BED1D2260520092A91B /* CYLTabBar.m in Sources */,
				BC321BEF1D2260520092A91B /* UIViewController+CYLTabBarControllerExtention.m in Sources */,
				BC321BF21D2260920092A91B /* MSBaseTabBarController.m in Sources */,
				BC321C201D2270630092A91B /* MSNetworking.m in Sources */,
				BCA6A74C1D2B4E64007F3B5E /* NSDate+MSExtension.m in Sources */,
				BCA6A7551D2B898A007F3B5E /* UIDevice+AuthorizationStatus.m in Sources */,
				BC321C1B1D22700F0092A91B /* ZCChainProcessor.m in Sources */,
				BC321C1C1D22700F0092A91B /* ZCNetworking.m in Sources */,
				BC41D0FB1D1D090A00AA3695 /* main.m in Sources */,
				BC321C1A1D22700F0092A91B /* ZCApiUploadAction.m in Sources */,
			);
			runOnlyForDeploymentPostprocessing = 0;
		};
		BC41D10B1D1D090A00AA3695 /* Sources */ = {
			isa = PBXSourcesBuildPhase;
			buildActionMask = 2147483647;
			files = (
				BC41D1141D1D090A00AA3695 /* MyTemplateProjectTests.m in Sources */,
			);
			runOnlyForDeploymentPostprocessing = 0;
		};
		BC41D1161D1D090A00AA3695 /* Sources */ = {
			isa = PBXSourcesBuildPhase;
			buildActionMask = 2147483647;
			files = (
				BC41D11F1D1D090A00AA3695 /* MyTemplateProjectUITests.m in Sources */,
			);
			runOnlyForDeploymentPostprocessing = 0;
		};
/* End PBXSourcesBuildPhase section */

/* Begin PBXTargetDependency section */
		BC41D1111D1D090A00AA3695 /* PBXTargetDependency */ = {
			isa = PBXTargetDependency;
			target = BC41D0F51D1D090A00AA3695 /* MyTemplateProject */;
			targetProxy = BC41D1101D1D090A00AA3695 /* PBXContainerItemProxy */;
		};
		BC41D11C1D1D090A00AA3695 /* PBXTargetDependency */ = {
			isa = PBXTargetDependency;
			target = BC41D0F51D1D090A00AA3695 /* MyTemplateProject */;
			targetProxy = BC41D11B1D1D090A00AA3695 /* PBXContainerItemProxy */;
		};
/* End PBXTargetDependency section */

/* Begin PBXVariantGroup section */
		BC41D1021D1D090A00AA3695 /* Main.storyboard */ = {
			isa = PBXVariantGroup;
			children = (
				BC41D1031D1D090A00AA3695 /* Base */,
			);
			name = Main.storyboard;
			sourceTree = "<group>";
		};
		BC41D1071D1D090A00AA3695 /* LaunchScreen.storyboard */ = {
			isa = PBXVariantGroup;
			children = (
				BC41D1081D1D090A00AA3695 /* Base */,
			);
			name = LaunchScreen.storyboard;
			sourceTree = "<group>";
		};
/* End PBXVariantGroup section */

/* Begin XCBuildConfiguration section */
		BC41D1211D1D090A00AA3695 /* Debug */ = {
			isa = XCBuildConfiguration;
			buildSettings = {
				ALWAYS_SEARCH_USER_PATHS = NO;
				CLANG_CXX_LANGUAGE_STANDARD = "gnu++0x";
				CLANG_CXX_LIBRARY = "libc++";
				CLANG_ENABLE_MODULES = YES;
				CLANG_ENABLE_OBJC_ARC = YES;
				CLANG_WARN_BOOL_CONVERSION = YES;
				CLANG_WARN_CONSTANT_CONVERSION = YES;
				CLANG_WARN_DIRECT_OBJC_ISA_USAGE = YES_ERROR;
				CLANG_WARN_EMPTY_BODY = YES;
				CLANG_WARN_ENUM_CONVERSION = YES;
				CLANG_WARN_INT_CONVERSION = YES;
				CLANG_WARN_OBJC_ROOT_CLASS = YES_ERROR;
				CLANG_WARN_UNREACHABLE_CODE = YES;
				CLANG_WARN__DUPLICATE_METHOD_MATCH = YES;
				"CODE_SIGN_IDENTITY[sdk=iphoneos*]" = "iPhone Developer";
				COPY_PHASE_STRIP = NO;
				DEBUG_INFORMATION_FORMAT = dwarf;
				ENABLE_STRICT_OBJC_MSGSEND = YES;
				ENABLE_TESTABILITY = YES;
				GCC_C_LANGUAGE_STANDARD = gnu99;
				GCC_DYNAMIC_NO_PIC = NO;
				GCC_NO_COMMON_BLOCKS = YES;
				GCC_OPTIMIZATION_LEVEL = 0;
				GCC_PREPROCESSOR_DEFINITIONS = (
					"DEBUG=1",
					"$(inherited)",
				);
				GCC_WARN_64_TO_32_BIT_CONVERSION = YES;
				GCC_WARN_ABOUT_RETURN_TYPE = YES_ERROR;
				GCC_WARN_UNDECLARED_SELECTOR = YES;
				GCC_WARN_UNINITIALIZED_AUTOS = YES_AGGRESSIVE;
				GCC_WARN_UNUSED_FUNCTION = YES;
				GCC_WARN_UNUSED_VARIABLE = YES;
				IPHONEOS_DEPLOYMENT_TARGET = 9.2;
				MTL_ENABLE_DEBUG_INFO = YES;
				ONLY_ACTIVE_ARCH = YES;
				SDKROOT = iphoneos;
				TARGETED_DEVICE_FAMILY = "1,2";
			};
			name = Debug;
		};
		BC41D1221D1D090A00AA3695 /* Release */ = {
			isa = XCBuildConfiguration;
			buildSettings = {
				ALWAYS_SEARCH_USER_PATHS = NO;
				CLANG_CXX_LANGUAGE_STANDARD = "gnu++0x";
				CLANG_CXX_LIBRARY = "libc++";
				CLANG_ENABLE_MODULES = YES;
				CLANG_ENABLE_OBJC_ARC = YES;
				CLANG_WARN_BOOL_CONVERSION = YES;
				CLANG_WARN_CONSTANT_CONVERSION = YES;
				CLANG_WARN_DIRECT_OBJC_ISA_USAGE = YES_ERROR;
				CLANG_WARN_EMPTY_BODY = YES;
				CLANG_WARN_ENUM_CONVERSION = YES;
				CLANG_WARN_INT_CONVERSION = YES;
				CLANG_WARN_OBJC_ROOT_CLASS = YES_ERROR;
				CLANG_WARN_UNREACHABLE_CODE = YES;
				CLANG_WARN__DUPLICATE_METHOD_MATCH = YES;
				"CODE_SIGN_IDENTITY[sdk=iphoneos*]" = "iPhone Developer";
				COPY_PHASE_STRIP = NO;
				DEBUG_INFORMATION_FORMAT = "dwarf-with-dsym";
				ENABLE_NS_ASSERTIONS = NO;
				ENABLE_STRICT_OBJC_MSGSEND = YES;
				GCC_C_LANGUAGE_STANDARD = gnu99;
				GCC_NO_COMMON_BLOCKS = YES;
				GCC_WARN_64_TO_32_BIT_CONVERSION = YES;
				GCC_WARN_ABOUT_RETURN_TYPE = YES_ERROR;
				GCC_WARN_UNDECLARED_SELECTOR = YES;
				GCC_WARN_UNINITIALIZED_AUTOS = YES_AGGRESSIVE;
				GCC_WARN_UNUSED_FUNCTION = YES;
				GCC_WARN_UNUSED_VARIABLE = YES;
				IPHONEOS_DEPLOYMENT_TARGET = 9.2;
				MTL_ENABLE_DEBUG_INFO = NO;
				SDKROOT = iphoneos;
				TARGETED_DEVICE_FAMILY = "1,2";
				VALIDATE_PRODUCT = YES;
			};
			name = Release;
		};
		BC41D1241D1D090A00AA3695 /* Debug */ = {
			isa = XCBuildConfiguration;
			baseConfigurationReference = DEA20A85AE9AE2803FBDE810 /* Pods.debug.xcconfig */;
			buildSettings = {
				ASSETCATALOG_COMPILER_APPICON_NAME = AppIcon;
				INFOPLIST_FILE = MyTemplateProject/Info.plist;
				IPHONEOS_DEPLOYMENT_TARGET = 8.4;
				LD_RUNPATH_SEARCH_PATHS = "$(inherited) @executable_path/Frameworks";
				PRODUCT_BUNDLE_IDENTIFIER = TY.MyTemplateProject;
				PRODUCT_NAME = "$(TARGET_NAME)";
			};
			name = Debug;
		};
		BC41D1251D1D090A00AA3695 /* Release */ = {
			isa = XCBuildConfiguration;
			baseConfigurationReference = 57424E2B3DCFE57E1F81A07E /* Pods.release.xcconfig */;
			buildSettings = {
				ASSETCATALOG_COMPILER_APPICON_NAME = AppIcon;
				INFOPLIST_FILE = MyTemplateProject/Info.plist;
				IPHONEOS_DEPLOYMENT_TARGET = 8.4;
				LD_RUNPATH_SEARCH_PATHS = "$(inherited) @executable_path/Frameworks";
				PRODUCT_BUNDLE_IDENTIFIER = TY.MyTemplateProject;
				PRODUCT_NAME = "$(TARGET_NAME)";
			};
			name = Release;
		};
		BC41D1271D1D090A00AA3695 /* Debug */ = {
			isa = XCBuildConfiguration;
			buildSettings = {
				BUNDLE_LOADER = "$(TEST_HOST)";
				INFOPLIST_FILE = MyTemplateProjectTests/Info.plist;
				LD_RUNPATH_SEARCH_PATHS = "$(inherited) @executable_path/Frameworks @loader_path/Frameworks";
				PRODUCT_BUNDLE_IDENTIFIER = TY.MyTemplateProjectTests;
				PRODUCT_NAME = "$(TARGET_NAME)";
				TEST_HOST = "$(BUILT_PRODUCTS_DIR)/MyTemplateProject.app/MyTemplateProject";
			};
			name = Debug;
		};
		BC41D1281D1D090A00AA3695 /* Release */ = {
			isa = XCBuildConfiguration;
			buildSettings = {
				BUNDLE_LOADER = "$(TEST_HOST)";
				INFOPLIST_FILE = MyTemplateProjectTests/Info.plist;
				LD_RUNPATH_SEARCH_PATHS = "$(inherited) @executable_path/Frameworks @loader_path/Frameworks";
				PRODUCT_BUNDLE_IDENTIFIER = TY.MyTemplateProjectTests;
				PRODUCT_NAME = "$(TARGET_NAME)";
				TEST_HOST = "$(BUILT_PRODUCTS_DIR)/MyTemplateProject.app/MyTemplateProject";
			};
			name = Release;
		};
		BC41D12A1D1D090A00AA3695 /* Debug */ = {
			isa = XCBuildConfiguration;
			buildSettings = {
				INFOPLIST_FILE = MyTemplateProjectUITests/Info.plist;
				LD_RUNPATH_SEARCH_PATHS = "$(inherited) @executable_path/Frameworks @loader_path/Frameworks";
				PRODUCT_BUNDLE_IDENTIFIER = TY.MyTemplateProjectUITests;
				PRODUCT_NAME = "$(TARGET_NAME)";
				TEST_TARGET_NAME = MyTemplateProject;
				USES_XCTRUNNER = YES;
			};
			name = Debug;
		};
		BC41D12B1D1D090A00AA3695 /* Release */ = {
			isa = XCBuildConfiguration;
			buildSettings = {
				INFOPLIST_FILE = MyTemplateProjectUITests/Info.plist;
				LD_RUNPATH_SEARCH_PATHS = "$(inherited) @executable_path/Frameworks @loader_path/Frameworks";
				PRODUCT_BUNDLE_IDENTIFIER = TY.MyTemplateProjectUITests;
				PRODUCT_NAME = "$(TARGET_NAME)";
				TEST_TARGET_NAME = MyTemplateProject;
				USES_XCTRUNNER = YES;
			};
			name = Release;
		};
/* End XCBuildConfiguration section */

/* Begin XCConfigurationList section */
		BC41D0F11D1D090A00AA3695 /* Build configuration list for PBXProject "MyTemplateProject" */ = {
			isa = XCConfigurationList;
			buildConfigurations = (
				BC41D1211D1D090A00AA3695 /* Debug */,
				BC41D1221D1D090A00AA3695 /* Release */,
			);
			defaultConfigurationIsVisible = 0;
			defaultConfigurationName = Release;
		};
		BC41D1231D1D090A00AA3695 /* Build configuration list for PBXNativeTarget "MyTemplateProject" */ = {
			isa = XCConfigurationList;
			buildConfigurations = (
				BC41D1241D1D090A00AA3695 /* Debug */,
				BC41D1251D1D090A00AA3695 /* Release */,
			);
			defaultConfigurationIsVisible = 0;
			defaultConfigurationName = Release;
		};
		BC41D1261D1D090A00AA3695 /* Build configuration list for PBXNativeTarget "MyTemplateProjectTests" */ = {
			isa = XCConfigurationList;
			buildConfigurations = (
				BC41D1271D1D090A00AA3695 /* Debug */,
				BC41D1281D1D090A00AA3695 /* Release */,
			);
			defaultConfigurationIsVisible = 0;
			defaultConfigurationName = Release;
		};
		BC41D1291D1D090A00AA3695 /* Build configuration list for PBXNativeTarget "MyTemplateProjectUITests" */ = {
			isa = XCConfigurationList;
			buildConfigurations = (
				BC41D12A1D1D090A00AA3695 /* Debug */,
				BC41D12B1D1D090A00AA3695 /* Release */,
			);
			defaultConfigurationIsVisible = 0;
			defaultConfigurationName = Release;
		};
/* End XCConfigurationList section */
	};
	rootObject = BC41D0EE1D1D090A00AA3695 /* Project object */;
}
