// !$*UTF8*$!
{
	archiveVersion = 1;
	classes = {
	};
	objectVersion = 46;
	objects = {

/* Begin PBXBuildFile section */
		18AFAE9D1D3140DA0015577F /* APIDemo.js in Resources */ = {isa = PBXBuildFile; fileRef = 18AFAE9C1D3140DA0015577F /* APIDemo.js */; };
		18C4FF361D33D59E0073B5BE /* quanmingAPI.js in Resources */ = {isa = PBXBuildFile; fileRef = 18C4FF351D33D59E0073B5BE /* quanmingAPI.js */; };
		4579492A252AEF9340DCA664 /* libPods.a in Frameworks */ = {isa = PBXBuildFile; fileRef = A91E60E0F812616746082232 /* libPods.a */; };
		BC123CC51D2DFD030039F60A /* UIColor+MSUtil.m in Sources */ = {isa = PBXBuildFile; fileRef = BC123CC41D2DFD030039F60A /* UIColor+MSUtil.m */; };
		BC123CC81D2DFD5E0039F60A /* UIImage+MSUtil.m in Sources */ = {isa = PBXBuildFile; fileRef = BC123CC71D2DFD5E0039F60A /* UIImage+MSUtil.m */; };
		BC123CCC1D2DFFE80039F60A /* UIView+MSUtil.m in Sources */ = {isa = PBXBuildFile; fileRef = BC123CCB1D2DFFE80039F60A /* UIView+MSUtil.m */; };
		BC321BEC1D2260520092A91B /* CYLPlusButton.m in Sources */ = {isa = PBXBuildFile; fileRef = BC321BE51D2260520092A91B /* CYLPlusButton.m */; };
		BC321BED1D2260520092A91B /* CYLTabBar.m in Sources */ = {isa = PBXBuildFile; fileRef = BC321BE71D2260520092A91B /* CYLTabBar.m */; };
		BC321BEE1D2260520092A91B /* CYLTabBarController.m in Sources */ = {isa = PBXBuildFile; fileRef = BC321BE91D2260520092A91B /* CYLTabBarController.m */; };
		BC321BEF1D2260520092A91B /* UIViewController+CYLTabBarControllerExtention.m in Sources */ = {isa = PBXBuildFile; fileRef = BC321BEB1D2260520092A91B /* UIViewController+CYLTabBarControllerExtention.m */; };
		BC321BF21D2260920092A91B /* MSBaseTabBarController.m in Sources */ = {isa = PBXBuildFile; fileRef = BC321BF11D2260920092A91B /* MSBaseTabBarController.m */; };
		BC321BF51D22634B0092A91B /* MSTabBarControllerConfig.m in Sources */ = {isa = PBXBuildFile; fileRef = BC321BF41D22634B0092A91B /* MSTabBarControllerConfig.m */; };
		BC321C171D22700F0092A91B /* ZCApiAction.m in Sources */ = {isa = PBXBuildFile; fileRef = BC321C021D22700F0092A91B /* ZCApiAction.m */; };
		BC321C181D22700F0092A91B /* ZCApiDownloadAction.m in Sources */ = {isa = PBXBuildFile; fileRef = BC321C041D22700F0092A91B /* ZCApiDownloadAction.m */; };
		BC321C191D22700F0092A91B /* ZCApiRunner.m in Sources */ = {isa = PBXBuildFile; fileRef = BC321C071D22700F0092A91B /* ZCApiRunner.m */; };
		BC321C1A1D22700F0092A91B /* ZCApiUploadAction.m in Sources */ = {isa = PBXBuildFile; fileRef = BC321C091D22700F0092A91B /* ZCApiUploadAction.m */; };
		BC321C1B1D22700F0092A91B /* ZCChainProcessor.m in Sources */ = {isa = PBXBuildFile; fileRef = BC321C0C1D22700F0092A91B /* ZCChainProcessor.m */; };
		BC321C1C1D22700F0092A91B /* ZCNetworking.m in Sources */ = {isa = PBXBuildFile; fileRef = BC321C0E1D22700F0092A91B /* ZCNetworking.m */; };
		BC321C201D2270630092A91B /* MSNetworking.m in Sources */ = {isa = PBXBuildFile; fileRef = BC321C1F1D2270630092A91B /* MSNetworking.m */; };
		BC41D0FB1D1D090A00AA3695 /* main.m in Sources */ = {isa = PBXBuildFile; fileRef = BC41D0FA1D1D090A00AA3695 /* main.m */; };
		BC41D0FE1D1D090A00AA3695 /* AppDelegate.m in Sources */ = {isa = PBXBuildFile; fileRef = BC41D0FD1D1D090A00AA3695 /* AppDelegate.m */; };
		BC41D1011D1D090A00AA3695 /* ViewController.m in Sources */ = {isa = PBXBuildFile; fileRef = BC41D1001D1D090A00AA3695 /* ViewController.m */; };
		BC41D1041D1D090A00AA3695 /* Main.storyboard in Resources */ = {isa = PBXBuildFile; fileRef = BC41D1021D1D090A00AA3695 /* Main.storyboard */; };
		BC41D1061D1D090A00AA3695 /* Assets.xcassets in Resources */ = {isa = PBXBuildFile; fileRef = BC41D1051D1D090A00AA3695 /* Assets.xcassets */; };
		BC41D1091D1D090A00AA3695 /* LaunchScreen.storyboard in Resources */ = {isa = PBXBuildFile; fileRef = BC41D1071D1D090A00AA3695 /* LaunchScreen.storyboard */; };
		BC41D1141D1D090A00AA3695 /* MyTemplateProjectTests.m in Sources */ = {isa = PBXBuildFile; fileRef = BC41D1131D1D090A00AA3695 /* MyTemplateProjectTests.m */; };
		BC41D11F1D1D090A00AA3695 /* MyTemplateProjectUITests.m in Sources */ = {isa = PBXBuildFile; fileRef = BC41D11E1D1D090A00AA3695 /* MyTemplateProjectUITests.m */; };
		BC7D285B1D2CD58A00901080 /* NSString+Code.m in Sources */ = {isa = PBXBuildFile; fileRef = BC7D285A1D2CD58A00901080 /* NSString+Code.m */; };
		BC7D285E1D2CD62200901080 /* NSString+Util.m in Sources */ = {isa = PBXBuildFile; fileRef = BC7D285D1D2CD62200901080 /* NSString+Util.m */; };
		BC7D28621D2D00CD00901080 /* MSFileUtil.m in Sources */ = {isa = PBXBuildFile; fileRef = BC7D28611D2D00CD00901080 /* MSFileUtil.m */; };
		BC7D28661D2D0E9900901080 /* UITextField+PlaceholderColor.m in Sources */ = {isa = PBXBuildFile; fileRef = BC7D28651D2D0E9900901080 /* UITextField+PlaceholderColor.m */; };
		BC95C2331D5DACE800EF36AE /* UIImage+RoundedCorner.m in Sources */ = {isa = PBXBuildFile; fileRef = BC95C2301D5DACE800EF36AE /* UIImage+RoundedCorner.m */; };
		BC95C2341D5DACE800EF36AE /* UIView+RoundedCorner.m in Sources */ = {isa = PBXBuildFile; fileRef = BC95C2321D5DACE800EF36AE /* UIView+RoundedCorner.m */; };
		BC95C2371D5DB02A00EF36AE /* UIImageView+CornerRadius.m in Sources */ = {isa = PBXBuildFile; fileRef = BC95C2361D5DB02A00EF36AE /* UIImageView+CornerRadius.m */; };
		BC95C23A1D5DB64C00EF36AE /* DYBaseRoomCell.m in Sources */ = {isa = PBXBuildFile; fileRef = BC95C2391D5DB64C00EF36AE /* DYBaseRoomCell.m */; };
		BC95C23D1D5DB78A00EF36AE /* DYFaceRoomCell.m in Sources */ = {isa = PBXBuildFile; fileRef = BC95C23C1D5DB78A00EF36AE /* DYFaceRoomCell.m */; };
		BCA6A74C1D2B4E64007F3B5E /* NSDate+MSExtension.m in Sources */ = {isa = PBXBuildFile; fileRef = BCA6A74B1D2B4E64007F3B5E /* NSDate+MSExtension.m */; };
		BCA6A7551D2B898A007F3B5E /* UIDevice+AuthorizationStatus.m in Sources */ = {isa = PBXBuildFile; fileRef = BCA6A7541D2B898A007F3B5E /* UIDevice+AuthorizationStatus.m */; };
		BCA6A7591D2B8ADF007F3B5E /* NSObject+MSJSON.m in Sources */ = {isa = PBXBuildFile; fileRef = BCA6A7581D2B8ADF007F3B5E /* NSObject+MSJSON.m */; };
		BCC7ADD01D519C690024DB6F /* DYBaseModel.m in Sources */ = {isa = PBXBuildFile; fileRef = BCC7ADCF1D519C690024DB6F /* DYBaseModel.m */; };
		BCDE23C01D508A8300A0FB3D /* MSBaseViewController.m in Sources */ = {isa = PBXBuildFile; fileRef = BCDE23BF1D508A8300A0FB3D /* MSBaseViewController.m */; };
		BCDE23D41D508BAD00A0FB3D /* MSBaseModel.m in Sources */ = {isa = PBXBuildFile; fileRef = BCDE23D31D508BAD00A0FB3D /* MSBaseModel.m */; };
		BCDE23D71D5092BF00A0FB3D /* DYRoomModel.m in Sources */ = {isa = PBXBuildFile; fileRef = BCDE23D61D5092BF00A0FB3D /* DYRoomModel.m */; };
		BCDE23DA1D5094C800A0FB3D /* DYHomeViewController.m in Sources */ = {isa = PBXBuildFile; fileRef = BCDE23D91D5094C800A0FB3D /* DYHomeViewController.m */; };
		BCDE23DD1D509B0B00A0FB3D /* DYHotCateList.m in Sources */ = {isa = PBXBuildFile; fileRef = BCDE23DC1D509B0B00A0FB3D /* DYHotCateList.m */; };
		BCDE23E01D509EC700A0FB3D /* DYFaceRoomModel.m in Sources */ = {isa = PBXBuildFile; fileRef = BCDE23DF1D509EC700A0FB3D /* DYFaceRoomModel.m */; };
		BCEC39521D51E40900EB399E /* DYBigDataList.m in Sources */ = {isa = PBXBuildFile; fileRef = BCEC39511D51E40900EB399E /* DYBigDataList.m */; };
		BCEC39551D51EB9900EB399E /* DYRoomCell.m in Sources */ = {isa = PBXBuildFile; fileRef = BCEC39541D51EB9900EB399E /* DYRoomCell.m */; };
		BCEC39581D51EBD100EB399E /* DYSectionHeaderView.m in Sources */ = {isa = PBXBuildFile; fileRef = BCEC39571D51EBD100EB399E /* DYSectionHeaderView.m */; };
/* End PBXBuildFile section */

/* Begin PBXContainerItemProxy section */
		BC41D1101D1D090A00AA3695 /* PBXContainerItemProxy */ = {
			isa = PBXContainerItemProxy;
			containerPortal = BC41D0EE1D1D090A00AA3695 /* Project object */;
			proxyType = 1;
			remoteGlobalIDString = BC41D0F51D1D090A00AA3695;
			remoteInfo = MyTemplateProject;
		};
		BC41D11B1D1D090A00AA3695 /* PBXContainerItemProxy */ = {
			isa = PBXContainerItemProxy;
			containerPortal = BC41D0EE1D1D090A00AA3695 /* Project object */;
			proxyType = 1;
			remoteGlobalIDString = BC41D0F51D1D090A00AA3695;
			remoteInfo = MyTemplateProject;
		};
/* End PBXContainerItemProxy section */

/* Begin PBXFileReference section */
		18AFAE9C1D3140DA0015577F /* APIDemo.js */ = {isa = PBXFileReference; fileEncoding = 4; lastKnownFileType = sourcecode.javascript; path = APIDemo.js; sourceTree = "<group>"; };
		18C4FF351D33D59E0073B5BE /* quanmingAPI.js */ = {isa = PBXFileReference; fileEncoding = 4; lastKnownFileType = sourcecode.javascript; path = quanmingAPI.js; sourceTree = "<group>"; };
		57424E2B3DCFE57E1F81A07E /* Pods.release.xcconfig */ = {isa = PBXFileReference; includeInIndex = 1; lastKnownFileType = text.xcconfig; name = Pods.release.xcconfig; path = "Pods/Target Support Files/Pods/Pods.release.xcconfig"; sourceTree = "<group>"; };
		A91E60E0F812616746082232 /* libPods.a */ = {isa = PBXFileReference; explicitFileType = archive.ar; includeInIndex = 0; path = libPods.a; sourceTree = BUILT_PRODUCTS_DIR; };
		BC123CC31D2DFD030039F60A /* UIColor+MSUtil.h */ = {isa = PBXFileReference; fileEncoding = 4; lastKnownFileType = sourcecode.c.h; path = "UIColor+MSUtil.h"; sourceTree = "<group>"; };
		BC123CC41D2DFD030039F60A /* UIColor+MSUtil.m */ = {isa = PBXFileReference; fileEncoding = 4; lastKnownFileType = sourcecode.c.objc; path = "UIColor+MSUtil.m"; sourceTree = "<group>"; };
		BC123CC61D2DFD5E0039F60A /* UIImage+MSUtil.h */ = {isa = PBXFileReference; fileEncoding = 4; lastKnownFileType = sourcecode.c.h; path = "UIImage+MSUtil.h"; sourceTree = "<group>"; };
		BC123CC71D2DFD5E0039F60A /* UIImage+MSUtil.m */ = {isa = PBXFileReference; fileEncoding = 4; lastKnownFileType = sourcecode.c.objc; path = "UIImage+MSUtil.m"; sourceTree = "<group>"; };
		BC123CCA1D2DFFE80039F60A /* UIView+MSUtil.h */ = {isa = PBXFileReference; fileEncoding = 4; lastKnownFileType = sourcecode.c.h; path = "UIView+MSUtil.h"; sourceTree = "<group>"; };
		BC123CCB1D2DFFE80039F60A /* UIView+MSUtil.m */ = {isa = PBXFileReference; fileEncoding = 4; lastKnownFileType = sourcecode.c.objc; path = "UIView+MSUtil.m"; sourceTree = "<group>"; };
		BC123D531D2E3E5B0039F60A /* msconsts.h */ = {isa = PBXFileReference; lastKnownFileType = sourcecode.c.h; path = msconsts.h; sourceTree = "<group>"; };
		BC123D541D2E446E0039F60A /* MSPrefixHeader.pch */ = {isa = PBXFileReference; lastKnownFileType = sourcecode.c.h; path = MSPrefixHeader.pch; sourceTree = "<group>"; };
		BC321BE41D2260520092A91B /* CYLPlusButton.h */ = {isa = PBXFileReference; fileEncoding = 4; lastKnownFileType = sourcecode.c.h; path = CYLPlusButton.h; sourceTree = "<group>"; };
		BC321BE51D2260520092A91B /* CYLPlusButton.m */ = {isa = PBXFileReference; fileEncoding = 4; lastKnownFileType = sourcecode.c.objc; path = CYLPlusButton.m; sourceTree = "<group>"; };
		BC321BE61D2260520092A91B /* CYLTabBar.h */ = {isa = PBXFileReference; fileEncoding = 4; lastKnownFileType = sourcecode.c.h; path = CYLTabBar.h; sourceTree = "<group>"; };
		BC321BE71D2260520092A91B /* CYLTabBar.m */ = {isa = PBXFileReference; fileEncoding = 4; lastKnownFileType = sourcecode.c.objc; path = CYLTabBar.m; sourceTree = "<group>"; };
		BC321BE81D2260520092A91B /* CYLTabBarController.h */ = {isa = PBXFileReference; fileEncoding = 4; lastKnownFileType = sourcecode.c.h; path = CYLTabBarController.h; sourceTree = "<group>"; };
		BC321BE91D2260520092A91B /* CYLTabBarController.m */ = {isa = PBXFileReference; fileEncoding = 4; lastKnownFileType = sourcecode.c.objc; path = CYLTabBarController.m; sourceTree = "<group>"; };
		BC321BEA1D2260520092A91B /* UIViewController+CYLTabBarControllerExtention.h */ = {isa = PBXFileReference; fileEncoding = 4; lastKnownFileType = sourcecode.c.h; path = "UIViewController+CYLTabBarControllerExtention.h"; sourceTree = "<group>"; };
		BC321BEB1D2260520092A91B /* UIViewController+CYLTabBarControllerExtention.m */ = {isa = PBXFileReference; fileEncoding = 4; lastKnownFileType = sourcecode.c.objc; path = "UIViewController+CYLTabBarControllerExtention.m"; sourceTree = "<group>"; };
		BC321BF01D2260920092A91B /* MSBaseTabBarController.h */ = {isa = PBXFileReference; fileEncoding = 4; lastKnownFileType = sourcecode.c.h; path = MSBaseTabBarController.h; sourceTree = "<group>"; };
		BC321BF11D2260920092A91B /* MSBaseTabBarController.m */ = {isa = PBXFileReference; fileEncoding = 4; lastKnownFileType = sourcecode.c.objc; path = MSBaseTabBarController.m; sourceTree = "<group>"; };
		BC321BF31D22634B0092A91B /* MSTabBarControllerConfig.h */ = {isa = PBXFileReference; fileEncoding = 4; lastKnownFileType = sourcecode.c.h; path = MSTabBarControllerConfig.h; sourceTree = "<group>"; };
		BC321BF41D22634B0092A91B /* MSTabBarControllerConfig.m */ = {isa = PBXFileReference; fileEncoding = 4; lastKnownFileType = sourcecode.c.objc; path = MSTabBarControllerConfig.m; sourceTree = "<group>"; };
		BC321C011D22700F0092A91B /* ZCApiAction.h */ = {isa = PBXFileReference; fileEncoding = 4; lastKnownFileType = sourcecode.c.h; path = ZCApiAction.h; sourceTree = "<group>"; };
		BC321C021D22700F0092A91B /* ZCApiAction.m */ = {isa = PBXFileReference; fileEncoding = 4; lastKnownFileType = sourcecode.c.objc; path = ZCApiAction.m; sourceTree = "<group>"; };
		BC321C031D22700F0092A91B /* ZCApiDownloadAction.h */ = {isa = PBXFileReference; fileEncoding = 4; lastKnownFileType = sourcecode.c.h; path = ZCApiDownloadAction.h; sourceTree = "<group>"; };
		BC321C041D22700F0092A91B /* ZCApiDownloadAction.m */ = {isa = PBXFileReference; fileEncoding = 4; lastKnownFileType = sourcecode.c.objc; path = ZCApiDownloadAction.m; sourceTree = "<group>"; };
		BC321C051D22700F0092A91B /* ZCApiLauncher.h */ = {isa = PBXFileReference; fileEncoding = 4; lastKnownFileType = sourcecode.c.h; path = ZCApiLauncher.h; sourceTree = "<group>"; };
		BC321C061D22700F0092A91B /* ZCApiRunner.h */ = {isa = PBXFileReference; fileEncoding = 4; lastKnownFileType = sourcecode.c.h; path = ZCApiRunner.h; sourceTree = "<group>"; };
		BC321C071D22700F0092A91B /* ZCApiRunner.m */ = {isa = PBXFileReference; fileEncoding = 4; lastKnownFileType = sourcecode.c.objc; path = ZCApiRunner.m; sourceTree = "<group>"; };
		BC321C081D22700F0092A91B /* ZCApiUploadAction.h */ = {isa = PBXFileReference; fileEncoding = 4; lastKnownFileType = sourcecode.c.h; path = ZCApiUploadAction.h; sourceTree = "<group>"; };
		BC321C091D22700F0092A91B /* ZCApiUploadAction.m */ = {isa = PBXFileReference; fileEncoding = 4; lastKnownFileType = sourcecode.c.objc; path = ZCApiUploadAction.m; sourceTree = "<group>"; };
		BC321C0A1D22700F0092A91B /* ZCBlockDefine.h */ = {isa = PBXFileReference; fileEncoding = 4; lastKnownFileType = sourcecode.c.h; path = ZCBlockDefine.h; sourceTree = "<group>"; };
		BC321C0B1D22700F0092A91B /* ZCChainProcessor.h */ = {isa = PBXFileReference; fileEncoding = 4; lastKnownFileType = sourcecode.c.h; path = ZCChainProcessor.h; sourceTree = "<group>"; };
		BC321C0C1D22700F0092A91B /* ZCChainProcessor.m */ = {isa = PBXFileReference; fileEncoding = 4; lastKnownFileType = sourcecode.c.objc; path = ZCChainProcessor.m; sourceTree = "<group>"; };
		BC321C0D1D22700F0092A91B /* ZCNetworking.h */ = {isa = PBXFileReference; fileEncoding = 4; lastKnownFileType = sourcecode.c.h; path = ZCNetworking.h; sourceTree = "<group>"; };
		BC321C0E1D22700F0092A91B /* ZCNetworking.m */ = {isa = PBXFileReference; fileEncoding = 4; lastKnownFileType = sourcecode.c.objc; path = ZCNetworking.m; sourceTree = "<group>"; };
		BC321C1E1D2270630092A91B /* MSNetworking.h */ = {isa = PBXFileReference; fileEncoding = 4; lastKnownFileType = sourcecode.c.h; path = MSNetworking.h; sourceTree = "<group>"; };
		BC321C1F1D2270630092A91B /* MSNetworking.m */ = {isa = PBXFileReference; fileEncoding = 4; lastKnownFileType = sourcecode.c.objc; path = MSNetworking.m; sourceTree = "<group>"; };
		BC41D0F61D1D090A00AA3695 /* MyTemplateProject.app */ = {isa = PBXFileReference; explicitFileType = wrapper.application; includeInIndex = 0; path = MyTemplateProject.app; sourceTree = BUILT_PRODUCTS_DIR; };
		BC41D0FA1D1D090A00AA3695 /* main.m */ = {isa = PBXFileReference; lastKnownFileType = sourcecode.c.objc; path = main.m; sourceTree = "<group>"; };
		BC41D0FC1D1D090A00AA3695 /* AppDelegate.h */ = {isa = PBXFileReference; lastKnownFileType = sourcecode.c.h; path = AppDelegate.h; sourceTree = "<group>"; };
		BC41D0FD1D1D090A00AA3695 /* AppDelegate.m */ = {isa = PBXFileReference; lastKnownFileType = sourcecode.c.objc; path = AppDelegate.m; sourceTree = "<group>"; };
		BC41D0FF1D1D090A00AA3695 /* ViewController.h */ = {isa = PBXFileReference; lastKnownFileType = sourcecode.c.h; path = ViewController.h; sourceTree = "<group>"; };
		BC41D1001D1D090A00AA3695 /* ViewController.m */ = {isa = PBXFileReference; lastKnownFileType = sourcecode.c.objc; path = ViewController.m; sourceTree = "<group>"; };
		BC41D1031D1D090A00AA3695 /* Base */ = {isa = PBXFileReference; lastKnownFileType = file.storyboard; name = Base; path = Base.lproj/Main.storyboard; sourceTree = "<group>"; };
		BC41D1051D1D090A00AA3695 /* Assets.xcassets */ = {isa = PBXFileReference; lastKnownFileType = folder.assetcatalog; path = Assets.xcassets; sourceTree = "<group>"; };
		BC41D1081D1D090A00AA3695 /* Base */ = {isa = PBXFileReference; lastKnownFileType = file.storyboard; name = Base; path = Base.lproj/LaunchScreen.storyboard; sourceTree = "<group>"; };
		BC41D10A1D1D090A00AA3695 /* Info.plist */ = {isa = PBXFileReference; lastKnownFileType = text.plist.xml; path = Info.plist; sourceTree = "<group>"; };
		BC41D10F1D1D090A00AA3695 /* MyTemplateProjectTests.xctest */ = {isa = PBXFileReference; explicitFileType = wrapper.cfbundle; includeInIndex = 0; path = MyTemplateProjectTests.xctest; sourceTree = BUILT_PRODUCTS_DIR; };
		BC41D1131D1D090A00AA3695 /* MyTemplateProjectTests.m */ = {isa = PBXFileReference; lastKnownFileType = sourcecode.c.objc; path = MyTemplateProjectTests.m; sourceTree = "<group>"; };
		BC41D1151D1D090A00AA3695 /* Info.plist */ = {isa = PBXFileReference; lastKnownFileType = text.plist.xml; path = Info.plist; sourceTree = "<group>"; };
		BC41D11A1D1D090A00AA3695 /* MyTemplateProjectUITests.xctest */ = {isa = PBXFileReference; explicitFileType = wrapper.cfbundle; includeInIndex = 0; path = MyTemplateProjectUITests.xctest; sourceTree = BUILT_PRODUCTS_DIR; };
		BC41D11E1D1D090A00AA3695 /* MyTemplateProjectUITests.m */ = {isa = PBXFileReference; lastKnownFileType = sourcecode.c.objc; path = MyTemplateProjectUITests.m; sourceTree = "<group>"; };
		BC41D1201D1D090A00AA3695 /* Info.plist */ = {isa = PBXFileReference; lastKnownFileType = text.plist.xml; path = Info.plist; sourceTree = "<group>"; };
		BC7D28591D2CD58A00901080 /* NSString+Code.h */ = {isa = PBXFileReference; fileEncoding = 4; lastKnownFileType = sourcecode.c.h; path = "NSString+Code.h"; sourceTree = "<group>"; };
		BC7D285A1D2CD58A00901080 /* NSString+Code.m */ = {isa = PBXFileReference; fileEncoding = 4; lastKnownFileType = sourcecode.c.objc; path = "NSString+Code.m"; sourceTree = "<group>"; };
		BC7D285C1D2CD62200901080 /* NSString+Util.h */ = {isa = PBXFileReference; fileEncoding = 4; lastKnownFileType = sourcecode.c.h; path = "NSString+Util.h"; sourceTree = "<group>"; };
		BC7D285D1D2CD62200901080 /* NSString+Util.m */ = {isa = PBXFileReference; fileEncoding = 4; lastKnownFileType = sourcecode.c.objc; path = "NSString+Util.m"; sourceTree = "<group>"; };
		BC7D28601D2D00CD00901080 /* MSFileUtil.h */ = {isa = PBXFileReference; fileEncoding = 4; lastKnownFileType = sourcecode.c.h; path = MSFileUtil.h; sourceTree = "<group>"; };
		BC7D28611D2D00CD00901080 /* MSFileUtil.m */ = {isa = PBXFileReference; fileEncoding = 4; lastKnownFileType = sourcecode.c.objc; path = MSFileUtil.m; sourceTree = "<group>"; };
		BC7D28641D2D0E9900901080 /* UITextField+PlaceholderColor.h */ = {isa = PBXFileReference; fileEncoding = 4; lastKnownFileType = sourcecode.c.h; path = "UITextField+PlaceholderColor.h"; sourceTree = "<group>"; };
		BC7D28651D2D0E9900901080 /* UITextField+PlaceholderColor.m */ = {isa = PBXFileReference; fileEncoding = 4; lastKnownFileType = sourcecode.c.objc; path = "UITextField+PlaceholderColor.m"; sourceTree = "<group>"; };
		BC95C22F1D5DACE800EF36AE /* UIImage+RoundedCorner.h */ = {isa = PBXFileReference; fileEncoding = 4; lastKnownFileType = sourcecode.c.h; path = "UIImage+RoundedCorner.h"; sourceTree = "<group>"; };
		BC95C2301D5DACE800EF36AE /* UIImage+RoundedCorner.m */ = {isa = PBXFileReference; fileEncoding = 4; lastKnownFileType = sourcecode.c.objc; path = "UIImage+RoundedCorner.m"; sourceTree = "<group>"; };
		BC95C2311D5DACE800EF36AE /* UIView+RoundedCorner.h */ = {isa = PBXFileReference; fileEncoding = 4; lastKnownFileType = sourcecode.c.h; path = "UIView+RoundedCorner.h"; sourceTree = "<group>"; };
		BC95C2321D5DACE800EF36AE /* UIView+RoundedCorner.m */ = {isa = PBXFileReference; fileEncoding = 4; lastKnownFileType = sourcecode.c.objc; path = "UIView+RoundedCorner.m"; sourceTree = "<group>"; };
		BC95C2351D5DB02A00EF36AE /* UIImageView+CornerRadius.h */ = {isa = PBXFileReference; fileEncoding = 4; lastKnownFileType = sourcecode.c.h; path = "UIImageView+CornerRadius.h"; sourceTree = "<group>"; };
		BC95C2361D5DB02A00EF36AE /* UIImageView+CornerRadius.m */ = {isa = PBXFileReference; fileEncoding = 4; lastKnownFileType = sourcecode.c.objc; path = "UIImageView+CornerRadius.m"; sourceTree = "<group>"; };
		BC95C2381D5DB64C00EF36AE /* DYBaseRoomCell.h */ = {isa = PBXFileReference; fileEncoding = 4; lastKnownFileType = sourcecode.c.h; path = DYBaseRoomCell.h; sourceTree = "<group>"; };
		BC95C2391D5DB64C00EF36AE /* DYBaseRoomCell.m */ = {isa = PBXFileReference; fileEncoding = 4; lastKnownFileType = sourcecode.c.objc; path = DYBaseRoomCell.m; sourceTree = "<group>"; };
		BC95C23B1D5DB78A00EF36AE /* DYFaceRoomCell.h */ = {isa = PBXFileReference; fileEncoding = 4; lastKnownFileType = sourcecode.c.h; path = DYFaceRoomCell.h; sourceTree = "<group>"; };
		BC95C23C1D5DB78A00EF36AE /* DYFaceRoomCell.m */ = {isa = PBXFileReference; fileEncoding = 4; lastKnownFileType = sourcecode.c.objc; path = DYFaceRoomCell.m; sourceTree = "<group>"; };
		BCA6A74A1D2B4E64007F3B5E /* NSDate+MSExtension.h */ = {isa = PBXFileReference; fileEncoding = 4; lastKnownFileType = sourcecode.c.h; path = "NSDate+MSExtension.h"; sourceTree = "<group>"; };
		BCA6A74B1D2B4E64007F3B5E /* NSDate+MSExtension.m */ = {isa = PBXFileReference; fileEncoding = 4; lastKnownFileType = sourcecode.c.objc; path = "NSDate+MSExtension.m"; sourceTree = "<group>"; };
		BCA6A7531D2B898A007F3B5E /* UIDevice+AuthorizationStatus.h */ = {isa = PBXFileReference; fileEncoding = 4; lastKnownFileType = sourcecode.c.h; path = "UIDevice+AuthorizationStatus.h"; sourceTree = "<group>"; };
		BCA6A7541D2B898A007F3B5E /* UIDevice+AuthorizationStatus.m */ = {isa = PBXFileReference; fileEncoding = 4; lastKnownFileType = sourcecode.c.objc; path = "UIDevice+AuthorizationStatus.m"; sourceTree = "<group>"; };
		BCA6A7571D2B8ADF007F3B5E /* NSObject+MSJSON.h */ = {isa = PBXFileReference; fileEncoding = 4; lastKnownFileType = sourcecode.c.h; path = "NSObject+MSJSON.h"; sourceTree = "<group>"; };
		BCA6A7581D2B8ADF007F3B5E /* NSObject+MSJSON.m */ = {isa = PBXFileReference; fileEncoding = 4; lastKnownFileType = sourcecode.c.objc; path = "NSObject+MSJSON.m"; sourceTree = "<group>"; };
		BCC7ADCE1D519C690024DB6F /* DYBaseModel.h */ = {isa = PBXFileReference; fileEncoding = 4; lastKnownFileType = sourcecode.c.h; path = DYBaseModel.h; sourceTree = "<group>"; };
		BCC7ADCF1D519C690024DB6F /* DYBaseModel.m */ = {isa = PBXFileReference; fileEncoding = 4; lastKnownFileType = sourcecode.c.objc; path = DYBaseModel.m; sourceTree = "<group>"; };
		BCDE23BE1D508A8300A0FB3D /* MSBaseViewController.h */ = {isa = PBXFileReference; fileEncoding = 4; lastKnownFileType = sourcecode.c.h; path = MSBaseViewController.h; sourceTree = "<group>"; };
		BCDE23BF1D508A8300A0FB3D /* MSBaseViewController.m */ = {isa = PBXFileReference; fileEncoding = 4; lastKnownFileType = sourcecode.c.objc; path = MSBaseViewController.m; sourceTree = "<group>"; };
		BCDE23D21D508BAD00A0FB3D /* MSBaseModel.h */ = {isa = PBXFileReference; fileEncoding = 4; lastKnownFileType = sourcecode.c.h; path = MSBaseModel.h; sourceTree = "<group>"; };
		BCDE23D31D508BAD00A0FB3D /* MSBaseModel.m */ = {isa = PBXFileReference; fileEncoding = 4; lastKnownFileType = sourcecode.c.objc; path = MSBaseModel.m; sourceTree = "<group>"; };
		BCDE23D51D5092BF00A0FB3D /* DYRoomModel.h */ = {isa = PBXFileReference; fileEncoding = 4; lastKnownFileType = sourcecode.c.h; path = DYRoomModel.h; sourceTree = "<group>"; };
		BCDE23D61D5092BF00A0FB3D /* DYRoomModel.m */ = {isa = PBXFileReference; fileEncoding = 4; lastKnownFileType = sourcecode.c.objc; path = DYRoomModel.m; sourceTree = "<group>"; };
		BCDE23D81D5094C800A0FB3D /* DYHomeViewController.h */ = {isa = PBXFileReference; fileEncoding = 4; lastKnownFileType = sourcecode.c.h; path = DYHomeViewController.h; sourceTree = "<group>"; };
		BCDE23D91D5094C800A0FB3D /* DYHomeViewController.m */ = {isa = PBXFileReference; fileEncoding = 4; lastKnownFileType = sourcecode.c.objc; path = DYHomeViewController.m; sourceTree = "<group>"; };
		BCDE23DB1D509B0B00A0FB3D /* DYHotCateList.h */ = {isa = PBXFileReference; fileEncoding = 4; lastKnownFileType = sourcecode.c.h; path = DYHotCateList.h; sourceTree = "<group>"; };
		BCDE23DC1D509B0B00A0FB3D /* DYHotCateList.m */ = {isa = PBXFileReference; fileEncoding = 4; lastKnownFileType = sourcecode.c.objc; path = DYHotCateList.m; sourceTree = "<group>"; };
		BCDE23DE1D509EC700A0FB3D /* DYFaceRoomModel.h */ = {isa = PBXFileReference; fileEncoding = 4; lastKnownFileType = sourcecode.c.h; path = DYFaceRoomModel.h; sourceTree = "<group>"; };
		BCDE23DF1D509EC700A0FB3D /* DYFaceRoomModel.m */ = {isa = PBXFileReference; fileEncoding = 4; lastKnownFileType = sourcecode.c.objc; path = DYFaceRoomModel.m; sourceTree = "<group>"; };
		BCEC39501D51E40900EB399E /* DYBigDataList.h */ = {isa = PBXFileReference; fileEncoding = 4; lastKnownFileType = sourcecode.c.h; path = DYBigDataList.h; sourceTree = "<group>"; };
		BCEC39511D51E40900EB399E /* DYBigDataList.m */ = {isa = PBXFileReference; fileEncoding = 4; lastKnownFileType = sourcecode.c.objc; path = DYBigDataList.m; sourceTree = "<group>"; };
		BCEC39531D51EB9900EB399E /* DYRoomCell.h */ = {isa = PBXFileReference; fileEncoding = 4; lastKnownFileType = sourcecode.c.h; path = DYRoomCell.h; sourceTree = "<group>"; };
		BCEC39541D51EB9900EB399E /* DYRoomCell.m */ = {isa = PBXFileReference; fileEncoding = 4; lastKnownFileType = sourcecode.c.objc; path = DYRoomCell.m; sourceTree = "<group>"; };
		BCEC39561D51EBD100EB399E /* DYSectionHeaderView.h */ = {isa = PBXFileReference; fileEncoding = 4; lastKnownFileType = sourcecode.c.h; path = DYSectionHeaderView.h; sourceTree = "<group>"; };
		BCEC39571D51EBD100EB399E /* DYSectionHeaderView.m */ = {isa = PBXFileReference; fileEncoding = 4; lastKnownFileType = sourcecode.c.objc; path = DYSectionHeaderView.m; sourceTree = "<group>"; };
		DEA20A85AE9AE2803FBDE810 /* Pods.debug.xcconfig */ = {isa = PBXFileReference; includeInIndex = 1; lastKnownFileType = text.xcconfig; name = Pods.debug.xcconfig; path = "Pods/Target Support Files/Pods/Pods.debug.xcconfig"; sourceTree = "<group>"; };
/* End PBXFileReference section */

/* Begin PBXFrameworksBuildPhase section */
		BC41D0F31D1D090A00AA3695 /* Frameworks */ = {
			isa = PBXFrameworksBuildPhase;
			buildActionMask = 2147483647;
			files = (
				4579492A252AEF9340DCA664 /* libPods.a in Frameworks */,
			);
			runOnlyForDeploymentPostprocessing = 0;
		};
		BC41D10C1D1D090A00AA3695 /* Frameworks */ = {
			isa = PBXFrameworksBuildPhase;
			buildActionMask = 2147483647;
			files = (
			);
			runOnlyForDeploymentPostprocessing = 0;
		};
		BC41D1171D1D090A00AA3695 /* Frameworks */ = {
			isa = PBXFrameworksBuildPhase;
			buildActionMask = 2147483647;
			files = (
			);
			runOnlyForDeploymentPostprocessing = 0;
		};
/* End PBXFrameworksBuildPhase section */

/* Begin PBXGroup section */
		0B078438F5B2210501F80658 /* Pods */ = {
			isa = PBXGroup;
			children = (
				DEA20A85AE9AE2803FBDE810 /* Pods.debug.xcconfig */,
				57424E2B3DCFE57E1F81A07E /* Pods.release.xcconfig */,
			);
			name = Pods;
			sourceTree = "<group>";
		};
		BC123CC21D2DFCDC0039F60A /* UIColor+MSExtension */ = {
			isa = PBXGroup;
			children = (
				BC123CC31D2DFD030039F60A /* UIColor+MSUtil.h */,
				BC123CC41D2DFD030039F60A /* UIColor+MSUtil.m */,
			);
			path = "UIColor+MSExtension";
			sourceTree = "<group>";
		};
		BC123CC91D2DFFD50039F60A /* UIView+MSUtil */ = {
			isa = PBXGroup;
			children = (
				BC95C22E1D5DACE800EF36AE /* JMRoundedCorner */,
				BC123CCA1D2DFFE80039F60A /* UIView+MSUtil.h */,
				BC123CCB1D2DFFE80039F60A /* UIView+MSUtil.m */,
				BC95C2351D5DB02A00EF36AE /* UIImageView+CornerRadius.h */,
				BC95C2361D5DB02A00EF36AE /* UIImageView+CornerRadius.m */,
			);
			path = "UIView+MSUtil";
			sourceTree = "<group>";
		};
		BC321BD81D225B1C0092A91B /* Base */ = {
			isa = PBXGroup;
			children = (
				BC321BE01D2260160092A91B /* Model */,
				BC321BE11D2260160092A91B /* View */,
				BC321BE21D2260160092A91B /* ViewController */,
			);
			path = Base;
			sourceTree = "<group>";
		};
		BC321BD91D225B1C0092A91B /* Classes */ = {
			isa = PBXGroup;
			children = (
				BC321BDA1D225B1C0092A91B /* Modules */,
			);
			path = Classes;
			sourceTree = "<group>";
		};
		BC321BDA1D225B1C0092A91B /* Modules */ = {
			isa = PBXGroup;
			children = (
				BCDE23C61D508B9000A0FB3D /* Home */,
				BCDE23C21D508B9000A0FB3D /* Follow */,
				BCDE23CA1D508B9000A0FB3D /* Live */,
				BCDE23CE1D508B9000A0FB3D /* My */,
			);
			path = Modules;
			sourceTree = "<group>";
		};
		BC321BDB1D225B1C0092A91B /* Main */ = {
			isa = PBXGroup;
			children = (
				BC321BF31D22634B0092A91B /* MSTabBarControllerConfig.h */,
				BC321BF41D22634B0092A91B /* MSTabBarControllerConfig.m */,
			);
			path = Main;
			sourceTree = "<group>";
		};
		BC321BDC1D225B1C0092A91B /* Network */ = {
			isa = PBXGroup;
			children = (
				BC321C1E1D2270630092A91B /* MSNetworking.h */,
				BC321C1F1D2270630092A91B /* MSNetworking.m */,
				18AFAE9C1D3140DA0015577F /* APIDemo.js */,
				18C4FF351D33D59E0073B5BE /* quanmingAPI.js */,
			);
			path = Network;
			sourceTree = "<group>";
		};
		BC321BDD1D225B1C0092A91B /* ThirdLibs */ = {
			isa = PBXGroup;
			children = (
				BC321BF61D22700F0092A91B /* ZCNetworking */,
				BC321BE31D2260520092A91B /* CYLTabBarController */,
			);
			path = ThirdLibs;
			sourceTree = "<group>";
		};
		BC321BDE1D225B1C0092A91B /* Tools */ = {
			isa = PBXGroup;
			children = (
				BC123CC91D2DFFD50039F60A /* UIView+MSUtil */,
				BC123CC21D2DFCDC0039F60A /* UIColor+MSExtension */,
				BC7D28631D2D0E6800901080 /* UITextField+MSExtension */,
				BC7D285F1D2CEAA300901080 /* FileUtil */,
				BCA6A7561D2B898F007F3B5E /* NSString+MSExtension */,
				BCA6A7521D2B898A007F3B5E /* UIDevice+MSAddition */,
				BCA6A7461D2B4DB7007F3B5E /* NSDate+MSExtension */,
				BCA6A7471D2B4DB7007F3B5E /* NSObject+MSJSON */,
				BCA6A7481D2B4DB7007F3B5E /* UIImage+MSExtension */,
			);
			path = Tools;
			sourceTree = "<group>";
		};
		BC321BE01D2260160092A91B /* Model */ = {
			isa = PBXGroup;
			children = (
				BCC7ADCD1D519C530024DB6F /* DYModel */,
				BCDE23D21D508BAD00A0FB3D /* MSBaseModel.h */,
				BCDE23D31D508BAD00A0FB3D /* MSBaseModel.m */,
			);
			path = Model;
			sourceTree = "<group>";
		};
		BC321BE11D2260160092A91B /* View */ = {
			isa = PBXGroup;
			children = (
			);
			path = View;
			sourceTree = "<group>";
		};
		BC321BE21D2260160092A91B /* ViewController */ = {
			isa = PBXGroup;
			children = (
				BC321BF01D2260920092A91B /* MSBaseTabBarController.h */,
				BC321BF11D2260920092A91B /* MSBaseTabBarController.m */,
				BCDE23BE1D508A8300A0FB3D /* MSBaseViewController.h */,
				BCDE23BF1D508A8300A0FB3D /* MSBaseViewController.m */,
			);
			path = ViewController;
			sourceTree = "<group>";
		};
		BC321BE31D2260520092A91B /* CYLTabBarController */ = {
			isa = PBXGroup;
			children = (
				BC321BE41D2260520092A91B /* CYLPlusButton.h */,
				BC321BE51D2260520092A91B /* CYLPlusButton.m */,
				BC321BE61D2260520092A91B /* CYLTabBar.h */,
				BC321BE71D2260520092A91B /* CYLTabBar.m */,
				BC321BE81D2260520092A91B /* CYLTabBarController.h */,
				BC321BE91D2260520092A91B /* CYLTabBarController.m */,
				BC321BEA1D2260520092A91B /* UIViewController+CYLTabBarControllerExtention.h */,
				BC321BEB1D2260520092A91B /* UIViewController+CYLTabBarControllerExtention.m */,
			);
			path = CYLTabBarController;
			sourceTree = "<group>";
		};
		BC321BF61D22700F0092A91B /* ZCNetworking */ = {
			isa = PBXGroup;
			children = (
				BC321C001D22700F0092A91B /* Sources */,
			);
			path = ZCNetworking;
			sourceTree = "<group>";
		};
		BC321C001D22700F0092A91B /* Sources */ = {
			isa = PBXGroup;
			children = (
				BC321C011D22700F0092A91B /* ZCApiAction.h */,
				BC321C021D22700F0092A91B /* ZCApiAction.m */,
				BC321C031D22700F0092A91B /* ZCApiDownloadAction.h */,
				BC321C041D22700F0092A91B /* ZCApiDownloadAction.m */,
				BC321C051D22700F0092A91B /* ZCApiLauncher.h */,
				BC321C061D22700F0092A91B /* ZCApiRunner.h */,
				BC321C071D22700F0092A91B /* ZCApiRunner.m */,
				BC321C081D22700F0092A91B /* ZCApiUploadAction.h */,
				BC321C091D22700F0092A91B /* ZCApiUploadAction.m */,
				BC321C0A1D22700F0092A91B /* ZCBlockDefine.h */,
				BC321C0B1D22700F0092A91B /* ZCChainProcessor.h */,
				BC321C0C1D22700F0092A91B /* ZCChainProcessor.m */,
				BC321C0D1D22700F0092A91B /* ZCNetworking.h */,
				BC321C0E1D22700F0092A91B /* ZCNetworking.m */,
			);
			path = Sources;
			sourceTree = "<group>";
		};
		BC41D0ED1D1D090A00AA3695 = {
			isa = PBXGroup;
			children = (
				BC41D0F81D1D090A00AA3695 /* MyTemplateProject */,
				BC41D1121D1D090A00AA3695 /* MyTemplateProjectTests */,
				BC41D11D1D1D090A00AA3695 /* MyTemplateProjectUITests */,
				BC41D0F71D1D090A00AA3695 /* Products */,
				0B078438F5B2210501F80658 /* Pods */,
				CEA9ED2B1D0BE00AB04A924F /* Frameworks */,
			);
			sourceTree = "<group>";
		};
		BC41D0F71D1D090A00AA3695 /* Products */ = {
			isa = PBXGroup;
			children = (
				BC41D0F61D1D090A00AA3695 /* MyTemplateProject.app */,
				BC41D10F1D1D090A00AA3695 /* MyTemplateProjectTests.xctest */,
				BC41D11A1D1D090A00AA3695 /* MyTemplateProjectUITests.xctest */,
			);
			name = Products;
			sourceTree = "<group>";
		};
		BC41D0F81D1D090A00AA3695 /* MyTemplateProject */ = {
			isa = PBXGroup;
			children = (
				BC321BDB1D225B1C0092A91B /* Main */,
				BC321BD81D225B1C0092A91B /* Base */,
				BC321BD91D225B1C0092A91B /* Classes */,
				BC321BDC1D225B1C0092A91B /* Network */,
				BC321BDD1D225B1C0092A91B /* ThirdLibs */,
				BC321BDE1D225B1C0092A91B /* Tools */,
				BC41D0FC1D1D090A00AA3695 /* AppDelegate.h */,
				BC41D0FD1D1D090A00AA3695 /* AppDelegate.m */,
				BC41D0FF1D1D090A00AA3695 /* ViewController.h */,
				BC41D1001D1D090A00AA3695 /* ViewController.m */,
				BC123D531D2E3E5B0039F60A /* msconsts.h */,
				BC123D541D2E446E0039F60A /* MSPrefixHeader.pch */,
				BC41D0F91D1D090A00AA3695 /* Supporting Files */,
			);
			path = MyTemplateProject;
			sourceTree = "<group>";
		};
		BC41D0F91D1D090A00AA3695 /* Supporting Files */ = {
			isa = PBXGroup;
			children = (
				BC41D1021D1D090A00AA3695 /* Main.storyboard */,
				BC41D1051D1D090A00AA3695 /* Assets.xcassets */,
				BC41D1071D1D090A00AA3695 /* LaunchScreen.storyboard */,
				BC41D10A1D1D090A00AA3695 /* Info.plist */,
				BC41D0FA1D1D090A00AA3695 /* main.m */,
			);
			name = "Supporting Files";
			sourceTree = "<group>";
		};
		BC41D1121D1D090A00AA3695 /* MyTemplateProjectTests */ = {
			isa = PBXGroup;
			children = (
				BC41D1131D1D090A00AA3695 /* MyTemplateProjectTests.m */,
				BC41D1151D1D090A00AA3695 /* Info.plist */,
			);
			path = MyTemplateProjectTests;
			sourceTree = "<group>";
		};
		BC41D11D1D1D090A00AA3695 /* MyTemplateProjectUITests */ = {
			isa = PBXGroup;
			children = (
				BC41D11E1D1D090A00AA3695 /* MyTemplateProjectUITests.m */,
				BC41D1201D1D090A00AA3695 /* Info.plist */,
			);
			path = MyTemplateProjectUITests;
			sourceTree = "<group>";
		};
		BC7D285F1D2CEAA300901080 /* FileUtil */ = {
			isa = PBXGroup;
			children = (
				BC7D28601D2D00CD00901080 /* MSFileUtil.h */,
				BC7D28611D2D00CD00901080 /* MSFileUtil.m */,
			);
			path = FileUtil;
			sourceTree = "<group>";
		};
		BC7D28631D2D0E6800901080 /* UITextField+MSExtension */ = {
			isa = PBXGroup;
			children = (
				BC7D28641D2D0E9900901080 /* UITextField+PlaceholderColor.h */,
				BC7D28651D2D0E9900901080 /* UITextField+PlaceholderColor.m */,
			);
			path = "UITextField+MSExtension";
			sourceTree = "<group>";
		};
		BC95C22E1D5DACE800EF36AE /* JMRoundedCorner */ = {
			isa = PBXGroup;
			children = (
				BC95C22F1D5DACE800EF36AE /* UIImage+RoundedCorner.h */,
				BC95C2301D5DACE800EF36AE /* UIImage+RoundedCorner.m */,
				BC95C2311D5DACE800EF36AE /* UIView+RoundedCorner.h */,
				BC95C2321D5DACE800EF36AE /* UIView+RoundedCorner.m */,
			);
			path = JMRoundedCorner;
			sourceTree = "<group>";
		};
		BCA6A7461D2B4DB7007F3B5E /* NSDate+MSExtension */ = {
			isa = PBXGroup;
			children = (
				BCA6A74A1D2B4E64007F3B5E /* NSDate+MSExtension.h */,
				BCA6A74B1D2B4E64007F3B5E /* NSDate+MSExtension.m */,
			);
			path = "NSDate+MSExtension";
			sourceTree = "<group>";
		};
		BCA6A7471D2B4DB7007F3B5E /* NSObject+MSJSON */ = {
			isa = PBXGroup;
			children = (
				BCA6A7571D2B8ADF007F3B5E /* NSObject+MSJSON.h */,
				BCA6A7581D2B8ADF007F3B5E /* NSObject+MSJSON.m */,
			);
			path = "NSObject+MSJSON";
			sourceTree = "<group>";
		};
		BCA6A7481D2B4DB7007F3B5E /* UIImage+MSExtension */ = {
			isa = PBXGroup;
			children = (
				BC123CC61D2DFD5E0039F60A /* UIImage+MSUtil.h */,
				BC123CC71D2DFD5E0039F60A /* UIImage+MSUtil.m */,
			);
			path = "UIImage+MSExtension";
			sourceTree = "<group>";
		};
		BCA6A7521D2B898A007F3B5E /* UIDevice+MSAddition */ = {
			isa = PBXGroup;
			children = (
				BCA6A7531D2B898A007F3B5E /* UIDevice+AuthorizationStatus.h */,
				BCA6A7541D2B898A007F3B5E /* UIDevice+AuthorizationStatus.m */,
			);
			path = "UIDevice+MSAddition";
			sourceTree = "<group>";
		};
		BCA6A7561D2B898F007F3B5E /* NSString+MSExtension */ = {
			isa = PBXGroup;
			children = (
				BC7D28591D2CD58A00901080 /* NSString+Code.h */,
				BC7D285A1D2CD58A00901080 /* NSString+Code.m */,
				BC7D285C1D2CD62200901080 /* NSString+Util.h */,
				BC7D285D1D2CD62200901080 /* NSString+Util.m */,
			);
			path = "NSString+MSExtension";
			sourceTree = "<group>";
		};
		BCC7ADCD1D519C530024DB6F /* DYModel */ = {
			isa = PBXGroup;
			children = (
				BCC7ADCE1D519C690024DB6F /* DYBaseModel.h */,
				BCC7ADCF1D519C690024DB6F /* DYBaseModel.m */,
			);
			path = DYModel;
			sourceTree = "<group>";
		};
		BCDE23C21D508B9000A0FB3D /* Follow */ = {
			isa = PBXGroup;
			children = (
				BCDE23C31D508B9000A0FB3D /* Controller */,
				BCDE23C41D508B9000A0FB3D /* Model */,
				BCDE23C51D508B9000A0FB3D /* View */,
			);
			path = Follow;
			sourceTree = "<group>";
		};
		BCDE23C31D508B9000A0FB3D /* Controller */ = {
			isa = PBXGroup;
			children = (
			);
			path = Controller;
			sourceTree = "<group>";
		};
		BCDE23C41D508B9000A0FB3D /* Model */ = {
			isa = PBXGroup;
			children = (
			);
			path = Model;
			sourceTree = "<group>";
		};
		BCDE23C51D508B9000A0FB3D /* View */ = {
			isa = PBXGroup;
			children = (
			);
			path = View;
			sourceTree = "<group>";
		};
		BCDE23C61D508B9000A0FB3D /* Home */ = {
			isa = PBXGroup;
			children = (
				BCDE23C71D508B9000A0FB3D /* Controller */,
				BCDE23C81D508B9000A0FB3D /* Model */,
				BCDE23C91D508B9000A0FB3D /* View */,
			);
			path = Home;
			sourceTree = "<group>";
		};
		BCDE23C71D508B9000A0FB3D /* Controller */ = {
			isa = PBXGroup;
			children = (
				BCDE23D81D5094C800A0FB3D /* DYHomeViewController.h */,
				BCDE23D91D5094C800A0FB3D /* DYHomeViewController.m */,
			);
			path = Controller;
			sourceTree = "<group>";
		};
		BCDE23C81D508B9000A0FB3D /* Model */ = {
			isa = PBXGroup;
			children = (
				BCDE23D51D5092BF00A0FB3D /* DYRoomModel.h */,
				BCDE23D61D5092BF00A0FB3D /* DYRoomModel.m */,
				BCEC39501D51E40900EB399E /* DYBigDataList.h */,
				BCEC39511D51E40900EB399E /* DYBigDataList.m */,
				BCDE23DB1D509B0B00A0FB3D /* DYHotCateList.h */,
				BCDE23DC1D509B0B00A0FB3D /* DYHotCateList.m */,
				BCDE23DE1D509EC700A0FB3D /* DYFaceRoomModel.h */,
				BCDE23DF1D509EC700A0FB3D /* DYFaceRoomModel.m */,
			);
			path = Model;
			sourceTree = "<group>";
		};
		BCDE23C91D508B9000A0FB3D /* View */ = {
			isa = PBXGroup;
			children = (
				BC95C2381D5DB64C00EF36AE /* DYBaseRoomCell.h */,
				BC95C2391D5DB64C00EF36AE /* DYBaseRoomCell.m */,
				BCEC39531D51EB9900EB399E /* DYRoomCell.h */,
				BCEC39541D51EB9900EB399E /* DYRoomCell.m */,
				BC95C23B1D5DB78A00EF36AE /* DYFaceRoomCell.h */,
				BC95C23C1D5DB78A00EF36AE /* DYFaceRoomCell.m */,
				BCEC39561D51EBD100EB399E /* DYSectionHeaderView.h */,
				BCEC39571D51EBD100EB399E /* DYSectionHeaderView.m */,
			);
			path = View;
			sourceTree = "<group>";
		};
		BCDE23CA1D508B9000A0FB3D /* Live */ = {
			isa = PBXGroup;
			children = (
				BCDE23CB1D508B9000A0FB3D /* Controller */,
				BCDE23CC1D508B9000A0FB3D /* Model */,
				BCDE23CD1D508B9000A0FB3D /* View */,
			);
			path = Live;
			sourceTree = "<group>";
		};
		BCDE23CB1D508B9000A0FB3D /* Controller */ = {
			isa = PBXGroup;
			children = (
			);
			path = Controller;
			sourceTree = "<group>";
		};
		BCDE23CC1D508B9000A0FB3D /* Model */ = {
			isa = PBXGroup;
			children = (
			);
			path = Model;
			sourceTree = "<group>";
		};
		BCDE23CD1D508B9000A0FB3D /* View */ = {
			isa = PBXGroup;
			children = (
			);
			path = View;
			sourceTree = "<group>";
		};
		BCDE23CE1D508B9000A0FB3D /* My */ = {
			isa = PBXGroup;
			children = (
				BCDE23CF1D508B9000A0FB3D /* Controller */,
				BCDE23D01D508B9000A0FB3D /* Model */,
				BCDE23D11D508B9000A0FB3D /* View */,
			);
			path = My;
			sourceTree = "<group>";
		};
		BCDE23CF1D508B9000A0FB3D /* Controller */ = {
			isa = PBXGroup;
			children = (
			);
			path = Controller;
			sourceTree = "<group>";
		};
		BCDE23D01D508B9000A0FB3D /* Model */ = {
			isa = PBXGroup;
			children = (
			);
			path = Model;
			sourceTree = "<group>";
		};
		BCDE23D11D508B9000A0FB3D /* View */ = {
			isa = PBXGroup;
			children = (
			);
			path = View;
			sourceTree = "<group>";
		};
		CEA9ED2B1D0BE00AB04A924F /* Frameworks */ = {
			isa = PBXGroup;
			children = (
				A91E60E0F812616746082232 /* libPods.a */,
			);
			name = Frameworks;
			sourceTree = "<group>";
		};
/* End PBXGroup section */

/* Begin PBXNativeTarget section */
		BC41D0F51D1D090A00AA3695 /* MyTemplateProject */ = {
			isa = PBXNativeTarget;
			buildConfigurationList = BC41D1231D1D090A00AA3695 /* Build configuration list for PBXNativeTarget "MyTemplateProject" */;
			buildPhases = (
				AE9396ACA47B5AF9AD204FCB /* Check Pods Manifest.lock */,
				BC41D0F21D1D090A00AA3695 /* Sources */,
				BC41D0F31D1D090A00AA3695 /* Frameworks */,
				BC41D0F41D1D090A00AA3695 /* Resources */,
				C8252E2F39007D1B272166EF /* Embed Pods Frameworks */,
				2AD044DD64C9A25E4CF51FF8 /* Copy Pods Resources */,
			);
			buildRules = (
			);
			dependencies = (
			);
			name = MyTemplateProject;
			productName = MyTemplateProject;
			productReference = BC41D0F61D1D090A00AA3695 /* MyTemplateProject.app */;
			productType = "com.apple.product-type.application";
		};
		BC41D10E1D1D090A00AA3695 /* MyTemplateProjectTests */ = {
			isa = PBXNativeTarget;
			buildConfigurationList = BC41D1261D1D090A00AA3695 /* Build configuration list for PBXNativeTarget "MyTemplateProjectTests" */;
			buildPhases = (
				BC41D10B1D1D090A00AA3695 /* Sources */,
				BC41D10C1D1D090A00AA3695 /* Frameworks */,
				BC41D10D1D1D090A00AA3695 /* Resources */,
			);
			buildRules = (
			);
			dependencies = (
				BC41D1111D1D090A00AA3695 /* PBXTargetDependency */,
			);
			name = MyTemplateProjectTests;
			productName = MyTemplateProjectTests;
			productReference = BC41D10F1D1D090A00AA3695 /* MyTemplateProjectTests.xctest */;
			productType = "com.apple.product-type.bundle.unit-test";
		};
		BC41D1191D1D090A00AA3695 /* MyTemplateProjectUITests */ = {
			isa = PBXNativeTarget;
			buildConfigurationList = BC41D1291D1D090A00AA3695 /* Build configuration list for PBXNativeTarget "MyTemplateProjectUITests" */;
			buildPhases = (
				BC41D1161D1D090A00AA3695 /* Sources */,
				BC41D1171D1D090A00AA3695 /* Frameworks */,
				BC41D1181D1D090A00AA3695 /* Resources */,
			);
			buildRules = (
			);
			dependencies = (
				BC41D11C1D1D090A00AA3695 /* PBXTargetDependency */,
			);
			name = MyTemplateProjectUITests;
			productName = MyTemplateProjectUITests;
			productReference = BC41D11A1D1D090A00AA3695 /* MyTemplateProjectUITests.xctest */;
			productType = "com.apple.product-type.bundle.ui-testing";
		};
/* End PBXNativeTarget section */

/* Begin PBXProject section */
		BC41D0EE1D1D090A00AA3695 /* Project object */ = {
			isa = PBXProject;
			attributes = {
				LastUpgradeCheck = 0720;
				ORGANIZATIONNAME = dengliwen;
				TargetAttributes = {
					BC41D0F51D1D090A00AA3695 = {
						CreatedOnToolsVersion = 7.2;
						DevelopmentTeam = 5PE9ABT84P;
					};
					BC41D10E1D1D090A00AA3695 = {
						CreatedOnToolsVersion = 7.2;
						DevelopmentTeam = 5PE9ABT84P;
						TestTargetID = BC41D0F51D1D090A00AA3695;
					};
					BC41D1191D1D090A00AA3695 = {
						CreatedOnToolsVersion = 7.2;
						DevelopmentTeam = 5PE9ABT84P;
						TestTargetID = BC41D0F51D1D090A00AA3695;
					};
				};
			};
			buildConfigurationList = BC41D0F11D1D090A00AA3695 /* Build configuration list for PBXProject "MyTemplateProject" */;
			compatibilityVersion = "Xcode 3.2";
			developmentRegion = English;
			hasScannedForEncodings = 0;
			knownRegions = (
				en,
				Base,
			);
			mainGroup = BC41D0ED1D1D090A00AA3695;
			productRefGroup = BC41D0F71D1D090A00AA3695 /* Products */;
			projectDirPath = "";
			projectRoot = "";
			targets = (
				BC41D0F51D1D090A00AA3695 /* MyTemplateProject */,
				BC41D10E1D1D090A00AA3695 /* MyTemplateProjectTests */,
				BC41D1191D1D090A00AA3695 /* MyTemplateProjectUITests */,
			);
		};
/* End PBXProject section */

/* Begin PBXResourcesBuildPhase section */
		BC41D0F41D1D090A00AA3695 /* Resources */ = {
			isa = PBXResourcesBuildPhase;
			buildActionMask = 2147483647;
			files = (
				18AFAE9D1D3140DA0015577F /* APIDemo.js in Resources */,
				BC41D1091D1D090A00AA3695 /* LaunchScreen.storyboard in Resources */,
				BC41D1061D1D090A00AA3695 /* Assets.xcassets in Resources */,
				18C4FF361D33D59E0073B5BE /* quanmingAPI.js in Resources */,
				BC41D1041D1D090A00AA3695 /* Main.storyboard in Resources */,
			);
			runOnlyForDeploymentPostprocessing = 0;
		};
		BC41D10D1D1D090A00AA3695 /* Resources */ = {
			isa = PBXResourcesBuildPhase;
			buildActionMask = 2147483647;
			files = (
			);
			runOnlyForDeploymentPostprocessing = 0;
		};
		BC41D1181D1D090A00AA3695 /* Resources */ = {
			isa = PBXResourcesBuildPhase;
			buildActionMask = 2147483647;
			files = (
			);
			runOnlyForDeploymentPostprocessing = 0;
		};
/* End PBXResourcesBuildPhase section */

/* Begin PBXShellScriptBuildPhase section */
		2AD044DD64C9A25E4CF51FF8 /* Copy Pods Resources */ = {
			isa = PBXShellScriptBuildPhase;
			buildActionMask = 2147483647;
			files = (
			);
			inputPaths = (
			);
			name = "Copy Pods Resources";
			outputPaths = (
			);
			runOnlyForDeploymentPostprocessing = 0;
			shellPath = /bin/sh;
			shellScript = "\"${SRCROOT}/Pods/Target Support Files/Pods/Pods-resources.sh\"\n";
			showEnvVarsInLog = 0;
		};
		AE9396ACA47B5AF9AD204FCB /* Check Pods Manifest.lock */ = {
			isa = PBXShellScriptBuildPhase;
			buildActionMask = 2147483647;
			files = (
			);
			inputPaths = (
			);
			name = "Check Pods Manifest.lock";
			outputPaths = (
			);
			runOnlyForDeploymentPostprocessing = 0;
			shellPath = /bin/sh;
			shellScript = "diff \"${PODS_ROOT}/../Podfile.lock\" \"${PODS_ROOT}/Manifest.lock\" > /dev/null\nif [[ $? != 0 ]] ; then\n    cat << EOM\nerror: The sandbox is not in sync with the Podfile.lock. Run 'pod install' or update your CocoaPods installation.\nEOM\n    exit 1\nfi\n";
			showEnvVarsInLog = 0;
		};
		C8252E2F39007D1B272166EF /* Embed Pods Frameworks */ = {
			isa = PBXShellScriptBuildPhase;
			buildActionMask = 2147483647;
			files = (
			);
			inputPaths = (
			);
			name = "Embed Pods Frameworks";
			outputPaths = (
			);
			runOnlyForDeploymentPostprocessing = 0;
			shellPath = /bin/sh;
			shellScript = "\"${SRCROOT}/Pods/Target Support Files/Pods/Pods-frameworks.sh\"\n";
			showEnvVarsInLog = 0;
		};
/* End PBXShellScriptBuildPhase section */

/* Begin PBXSourcesBuildPhase section */
		BC41D0F21D1D090A00AA3695 /* Sources */ = {
			isa = PBXSourcesBuildPhase;
			buildActionMask = 2147483647;
			files = (
				BC41D1011D1D090A00AA3695 /* ViewController.m in Sources */,
				BC123CC51D2DFD030039F60A /* UIColor+MSUtil.m in Sources */,
				BC95C2371D5DB02A00EF36AE /* UIImageView+CornerRadius.m in Sources */,
				BC123CCC1D2DFFE80039F60A /* UIView+MSUtil.m in Sources */,
				BC95C2331D5DACE800EF36AE /* UIImage+RoundedCorner.m in Sources */,
				BC321C191D22700F0092A91B /* ZCApiRunner.m in Sources */,
				BC321C171D22700F0092A91B /* ZCApiAction.m in Sources */,
				BC321BF51D22634B0092A91B /* MSTabBarControllerConfig.m in Sources */,
				BCC7ADD01D519C690024DB6F /* DYBaseModel.m in Sources */,
				BCEC39551D51EB9900EB399E /* DYRoomCell.m in Sources */,
				BCDE23E01D509EC700A0FB3D /* DYFaceRoomModel.m in Sources */,
				BCA6A7591D2B8ADF007F3B5E /* NSObject+MSJSON.m in Sources */,
				BCEC39581D51EBD100EB399E /* DYSectionHeaderView.m in Sources */,
				BC7D28621D2D00CD00901080 /* MSFileUtil.m in Sources */,
				BCDE23DA1D5094C800A0FB3D /* DYHomeViewController.m in Sources */,
				BCEC39521D51E40900EB399E /* DYBigDataList.m in Sources */,
				BCDE23C01D508A8300A0FB3D /* MSBaseViewController.m in Sources */,
				BC7D28661D2D0E9900901080 /* UITextField+PlaceholderColor.m in Sources */,
				BCDE23D71D5092BF00A0FB3D /* DYRoomModel.m in Sources */,
				BC41D0FE1D1D090A00AA3695 /* AppDelegate.m in Sources */,
				BC321BEE1D2260520092A91B /* CYLTabBarController.m in Sources */,
				BCDE23D41D508BAD00A0FB3D /* MSBaseModel.m in Sources */,
				BC95C2341D5DACE800EF36AE /* UIView+RoundedCorner.m in Sources */,
				BC321C181D22700F0092A91B /* ZCApiDownloadAction.m in Sources */,
				BC95C23A1D5DB64C00EF36AE /* DYBaseRoomCell.m in Sources */,
				BC321BEC1D2260520092A91B /* CYLPlusButton.m in Sources */,
				BC321BED1D2260520092A91B /* CYLTabBar.m in Sources */,
				BC7D285E1D2CD62200901080 /* NSString+Util.m in Sources */,
				BC321BEF1D2260520092A91B /* UIViewController+CYLTabBarControllerExtention.m in Sources */,
				BC321BF21D2260920092A91B /* MSBaseTabBarController.m in Sources */,
				BC321C201D2270630092A91B /* MSNetworking.m in Sources */,
				BCA6A74C1D2B4E64007F3B5E /* NSDate+MSExtension.m in Sources */,
				BCA6A7551D2B898A007F3B5E /* UIDevice+AuthorizationStatus.m in Sources */,
				BC95C23D1D5DB78A00EF36AE /* DYFaceRoomCell.m in Sources */,
				BC123CC81D2DFD5E0039F60A /* UIImage+MSUtil.m in Sources */,
				BC321C1B1D22700F0092A91B /* ZCChainProcessor.m in Sources */,
				BC7D285B1D2CD58A00901080 /* NSString+Code.m in Sources */,
				BC321C1C1D22700F0092A91B /* ZCNetworking.m in Sources */,
				BC41D0FB1D1D090A00AA3695 /* main.m in Sources */,
				BC321C1A1D22700F0092A91B /* ZCApiUploadAction.m in Sources */,
				BCDE23DD1D509B0B00A0FB3D /* DYHotCateList.m in Sources */,
			);
			runOnlyForDeploymentPostprocessing = 0;
		};
		BC41D10B1D1D090A00AA3695 /* Sources */ = {
			isa = PBXSourcesBuildPhase;
			buildActionMask = 2147483647;
			files = (
				BC41D1141D1D090A00AA3695 /* MyTemplateProjectTests.m in Sources */,
			);
			runOnlyForDeploymentPostprocessing = 0;
		};
		BC41D1161D1D090A00AA3695 /* Sources */ = {
			isa = PBXSourcesBuildPhase;
			buildActionMask = 2147483647;
			files = (
				BC41D11F1D1D090A00AA3695 /* MyTemplateProjectUITests.m in Sources */,
			);
			runOnlyForDeploymentPostprocessing = 0;
		};
/* End PBXSourcesBuildPhase section */

/* Begin PBXTargetDependency section */
		BC41D1111D1D090A00AA3695 /* PBXTargetDependency */ = {
			isa = PBXTargetDependency;
			target = BC41D0F51D1D090A00AA3695 /* MyTemplateProject */;
			targetProxy = BC41D1101D1D090A00AA3695 /* PBXContainerItemProxy */;
		};
		BC41D11C1D1D090A00AA3695 /* PBXTargetDependency */ = {
			isa = PBXTargetDependency;
			target = BC41D0F51D1D090A00AA3695 /* MyTemplateProject */;
			targetProxy = BC41D11B1D1D090A00AA3695 /* PBXContainerItemProxy */;
		};
/* End PBXTargetDependency section */

/* Begin PBXVariantGroup section */
		BC41D1021D1D090A00AA3695 /* Main.storyboard */ = {
			isa = PBXVariantGroup;
			children = (
				BC41D1031D1D090A00AA3695 /* Base */,
			);
			name = Main.storyboard;
			sourceTree = "<group>";
		};
		BC41D1071D1D090A00AA3695 /* LaunchScreen.storyboard */ = {
			isa = PBXVariantGroup;
			children = (
				BC41D1081D1D090A00AA3695 /* Base */,
			);
			name = LaunchScreen.storyboard;
			sourceTree = "<group>";
		};
/* End PBXVariantGroup section */

/* Begin XCBuildConfiguration section */
		BC41D1211D1D090A00AA3695 /* Debug */ = {
			isa = XCBuildConfiguration;
			buildSettings = {
				ALWAYS_SEARCH_USER_PATHS = NO;
				CLANG_CXX_LANGUAGE_STANDARD = "gnu++0x";
				CLANG_CXX_LIBRARY = "libc++";
				CLANG_ENABLE_MODULES = YES;
				CLANG_ENABLE_OBJC_ARC = YES;
				CLANG_WARN_BOOL_CONVERSION = YES;
				CLANG_WARN_CONSTANT_CONVERSION = YES;
				CLANG_WARN_DIRECT_OBJC_ISA_USAGE = YES_ERROR;
				CLANG_WARN_EMPTY_BODY = YES;
				CLANG_WARN_ENUM_CONVERSION = YES;
				CLANG_WARN_INT_CONVERSION = YES;
				CLANG_WARN_OBJC_ROOT_CLASS = YES_ERROR;
				CLANG_WARN_UNREACHABLE_CODE = YES;
				CLANG_WARN__DUPLICATE_METHOD_MATCH = YES;
				"CODE_SIGN_IDENTITY[sdk=iphoneos*]" = "iPhone Developer";
				COPY_PHASE_STRIP = NO;
				DEBUG_INFORMATION_FORMAT = dwarf;
				ENABLE_STRICT_OBJC_MSGSEND = YES;
				ENABLE_TESTABILITY = YES;
				GCC_C_LANGUAGE_STANDARD = gnu99;
				GCC_DYNAMIC_NO_PIC = NO;
				GCC_NO_COMMON_BLOCKS = YES;
				GCC_OPTIMIZATION_LEVEL = 0;
				GCC_PREPROCESSOR_DEFINITIONS = (
					"DEBUG=1",
					"$(inherited)",
				);
				GCC_WARN_64_TO_32_BIT_CONVERSION = YES;
				GCC_WARN_ABOUT_RETURN_TYPE = YES_ERROR;
				GCC_WARN_UNDECLARED_SELECTOR = YES;
				GCC_WARN_UNINITIALIZED_AUTOS = YES_AGGRESSIVE;
				GCC_WARN_UNUSED_FUNCTION = YES;
				GCC_WARN_UNUSED_VARIABLE = YES;
				IPHONEOS_DEPLOYMENT_TARGET = 9.2;
				MTL_ENABLE_DEBUG_INFO = YES;
				ONLY_ACTIVE_ARCH = YES;
				SDKROOT = iphoneos;
				TARGETED_DEVICE_FAMILY = "1,2";
			};
			name = Debug;
		};
		BC41D1221D1D090A00AA3695 /* Release */ = {
			isa = XCBuildConfiguration;
			buildSettings = {
				ALWAYS_SEARCH_USER_PATHS = NO;
				CLANG_CXX_LANGUAGE_STANDARD = "gnu++0x";
				CLANG_CXX_LIBRARY = "libc++";
				CLANG_ENABLE_MODULES = YES;
				CLANG_ENABLE_OBJC_ARC = YES;
				CLANG_WARN_BOOL_CONVERSION = YES;
				CLANG_WARN_CONSTANT_CONVERSION = YES;
				CLANG_WARN_DIRECT_OBJC_ISA_USAGE = YES_ERROR;
				CLANG_WARN_EMPTY_BODY = YES;
				CLANG_WARN_ENUM_CONVERSION = YES;
				CLANG_WARN_INT_CONVERSION = YES;
				CLANG_WARN_OBJC_ROOT_CLASS = YES_ERROR;
				CLANG_WARN_UNREACHABLE_CODE = YES;
				CLANG_WARN__DUPLICATE_METHOD_MATCH = YES;
				"CODE_SIGN_IDENTITY[sdk=iphoneos*]" = "iPhone Developer";
				COPY_PHASE_STRIP = NO;
				DEBUG_INFORMATION_FORMAT = "dwarf-with-dsym";
				ENABLE_NS_ASSERTIONS = NO;
				ENABLE_STRICT_OBJC_MSGSEND = YES;
				GCC_C_LANGUAGE_STANDARD = gnu99;
				GCC_NO_COMMON_BLOCKS = YES;
				GCC_WARN_64_TO_32_BIT_CONVERSION = YES;
				GCC_WARN_ABOUT_RETURN_TYPE = YES_ERROR;
				GCC_WARN_UNDECLARED_SELECTOR = YES;
				GCC_WARN_UNINITIALIZED_AUTOS = YES_AGGRESSIVE;
				GCC_WARN_UNUSED_FUNCTION = YES;
				GCC_WARN_UNUSED_VARIABLE = YES;
				IPHONEOS_DEPLOYMENT_TARGET = 9.2;
				MTL_ENABLE_DEBUG_INFO = NO;
				SDKROOT = iphoneos;
				TARGETED_DEVICE_FAMILY = "1,2";
				VALIDATE_PRODUCT = YES;
			};
			name = Release;
		};
		BC41D1241D1D090A00AA3695 /* Debug */ = {
			isa = XCBuildConfiguration;
			baseConfigurationReference = DEA20A85AE9AE2803FBDE810 /* Pods.debug.xcconfig */;
			buildSettings = {
				ASSETCATALOG_COMPILER_APPICON_NAME = AppIcon;
				GCC_PREFIX_HEADER = "$(SRCROOT)/$(PRODUCT_NAME)/MSPrefixHeader.pch";
				INFOPLIST_FILE = MyTemplateProject/Info.plist;
				IPHONEOS_DEPLOYMENT_TARGET = 8.4;
				LD_RUNPATH_SEARCH_PATHS = "$(inherited) @executable_path/Frameworks";
				PRODUCT_BUNDLE_IDENTIFIER = TY.MyTemplateProject;
				PRODUCT_NAME = "$(TARGET_NAME)";
			};
			name = Debug;
		};
		BC41D1251D1D090A00AA3695 /* Release */ = {
			isa = XCBuildConfiguration;
			baseConfigurationReference = 57424E2B3DCFE57E1F81A07E /* Pods.release.xcconfig */;
			buildSettings = {
				ASSETCATALOG_COMPILER_APPICON_NAME = AppIcon;
				GCC_PREFIX_HEADER = "$(SRCROOT)/$(PRODUCT_NAME)/MSPrefixHeader.pch";
				INFOPLIST_FILE = MyTemplateProject/Info.plist;
				IPHONEOS_DEPLOYMENT_TARGET = 8.4;
				LD_RUNPATH_SEARCH_PATHS = "$(inherited) @executable_path/Frameworks";
				PRODUCT_BUNDLE_IDENTIFIER = TY.MyTemplateProject;
				PRODUCT_NAME = "$(TARGET_NAME)";
			};
			name = Release;
		};
		BC41D1271D1D090A00AA3695 /* Debug */ = {
			isa = XCBuildConfiguration;
			buildSettings = {
				BUNDLE_LOADER = "$(TEST_HOST)";
				INFOPLIST_FILE = MyTemplateProjectTests/Info.plist;
				LD_RUNPATH_SEARCH_PATHS = "$(inherited) @executable_path/Frameworks @loader_path/Frameworks";
				PRODUCT_BUNDLE_IDENTIFIER = TY.MyTemplateProjectTests;
				PRODUCT_NAME = "$(TARGET_NAME)";
				TEST_HOST = "$(BUILT_PRODUCTS_DIR)/MyTemplateProject.app/MyTemplateProject";
			};
			name = Debug;
		};
		BC41D1281D1D090A00AA3695 /* Release */ = {
			isa = XCBuildConfiguration;
			buildSettings = {
				BUNDLE_LOADER = "$(TEST_HOST)";
				INFOPLIST_FILE = MyTemplateProjectTests/Info.plist;
				LD_RUNPATH_SEARCH_PATHS = "$(inherited) @executable_path/Frameworks @loader_path/Frameworks";
				PRODUCT_BUNDLE_IDENTIFIER = TY.MyTemplateProjectTests;
				PRODUCT_NAME = "$(TARGET_NAME)";
				TEST_HOST = "$(BUILT_PRODUCTS_DIR)/MyTemplateProject.app/MyTemplateProject";
			};
			name = Release;
		};
		BC41D12A1D1D090A00AA3695 /* Debug */ = {
			isa = XCBuildConfiguration;
			buildSettings = {
				INFOPLIST_FILE = MyTemplateProjectUITests/Info.plist;
				LD_RUNPATH_SEARCH_PATHS = "$(inherited) @executable_path/Frameworks @loader_path/Frameworks";
				PRODUCT_BUNDLE_IDENTIFIER = TY.MyTemplateProjectUITests;
				PRODUCT_NAME = "$(TARGET_NAME)";
				TEST_TARGET_NAME = MyTemplateProject;
				USES_XCTRUNNER = YES;
			};
			name = Debug;
		};
		BC41D12B1D1D090A00AA3695 /* Release */ = {
			isa = XCBuildConfiguration;
			buildSettings = {
				INFOPLIST_FILE = MyTemplateProjectUITests/Info.plist;
				LD_RUNPATH_SEARCH_PATHS = "$(inherited) @executable_path/Frameworks @loader_path/Frameworks";
				PRODUCT_BUNDLE_IDENTIFIER = TY.MyTemplateProjectUITests;
				PRODUCT_NAME = "$(TARGET_NAME)";
				TEST_TARGET_NAME = MyTemplateProject;
				USES_XCTRUNNER = YES;
			};
			name = Release;
		};
/* End XCBuildConfiguration section */

/* Begin XCConfigurationList section */
		BC41D0F11D1D090A00AA3695 /* Build configuration list for PBXProject "MyTemplateProject" */ = {
			isa = XCConfigurationList;
			buildConfigurations = (
				BC41D1211D1D090A00AA3695 /* Debug */,
				BC41D1221D1D090A00AA3695 /* Release */,
			);
			defaultConfigurationIsVisible = 0;
			defaultConfigurationName = Release;
		};
		BC41D1231D1D090A00AA3695 /* Build configuration list for PBXNativeTarget "MyTemplateProject" */ = {
			isa = XCConfigurationList;
			buildConfigurations = (
				BC41D1241D1D090A00AA3695 /* Debug */,
				BC41D1251D1D090A00AA3695 /* Release */,
			);
			defaultConfigurationIsVisible = 0;
			defaultConfigurationName = Release;
		};
		BC41D1261D1D090A00AA3695 /* Build configuration list for PBXNativeTarget "MyTemplateProjectTests" */ = {
			isa = XCConfigurationList;
			buildConfigurations = (
				BC41D1271D1D090A00AA3695 /* Debug */,
				BC41D1281D1D090A00AA3695 /* Release */,
			);
			defaultConfigurationIsVisible = 0;
			defaultConfigurationName = Release;
		};
		BC41D1291D1D090A00AA3695 /* Build configuration list for PBXNativeTarget "MyTemplateProjectUITests" */ = {
			isa = XCConfigurationList;
			buildConfigurations = (
				BC41D12A1D1D090A00AA3695 /* Debug */,
				BC41D12B1D1D090A00AA3695 /* Release */,
			);
			defaultConfigurationIsVisible = 0;
			defaultConfigurationName = Release;
		};
/* End XCConfigurationList section */
	};
	rootObject = BC41D0EE1D1D090A00AA3695 /* Project object */;
}
